
Microsoft Visual Studio Solution File, Format Version 12.00
# Visual Studio Version 17
VisualStudioVersion = 17.0.31903.59
MinimumVisualStudioVersion = 10.0.40219.1
Project("{2150E333-8FDC-42A3-9474-1A3956D46DE8}") = "AdamFreeman", "AdamFreeman", "{C094FEF6-4945-4E78-A096-A2248E0A912F}"
EndProject
Project("{2150E333-8FDC-42A3-9474-1A3956D46DE8}") = "Chapter-01", "Chapter-01", "{8DD55174-F10A-4059-9544-10DB303D6BFE}"
	ProjectSection(SolutionItems) = preProject
		AdamFreeman\ProAspNetCore6\Chapter-01\Page003.txt = AdamFreeman\ProAspNetCore6\Chapter-01\Page003.txt
		AdamFreeman\ProAspNetCore6\Chapter-01\Page004.txt = AdamFreeman\ProAspNetCore6\Chapter-01\Page004.txt
		AdamFreeman\ProAspNetCore6\Chapter-01\Page005.txt = AdamFreeman\ProAspNetCore6\Chapter-01\Page005.txt
		AdamFreeman\ProAspNetCore6\Chapter-01\Page006.txt = AdamFreeman\ProAspNetCore6\Chapter-01\Page006.txt
		AdamFreeman\ProAspNetCore6\Chapter-01\Page007.txt = AdamFreeman\ProAspNetCore6\Chapter-01\Page007.txt
		AdamFreeman\ProAspNetCore6\Chapter-01\Page008.txt = AdamFreeman\ProAspNetCore6\Chapter-01\Page008.txt
		AdamFreeman\ProAspNetCore6\Chapter-01\Page009.txt = AdamFreeman\ProAspNetCore6\Chapter-01\Page009.txt
		AdamFreeman\ProAspNetCore6\Chapter-01\Page010.txt = AdamFreeman\ProAspNetCore6\Chapter-01\Page010.txt
	EndProjectSection
EndProject
Project("{2150E333-8FDC-42A3-9474-1A3956D46DE8}") = "Chapter-02", "Chapter-02", "{1A721275-584C-41AD-BFFB-DDC4F5AF3C32}"
	ProjectSection(SolutionItems) = preProject
		AdamFreeman\ProAspNetCore6\Chapter-02\Page011.txt = AdamFreeman\ProAspNetCore6\Chapter-02\Page011.txt
		AdamFreeman\ProAspNetCore6\Chapter-02\page012.txt = AdamFreeman\ProAspNetCore6\Chapter-02\page012.txt
		AdamFreeman\ProAspNetCore6\Chapter-02\Page013.txt = AdamFreeman\ProAspNetCore6\Chapter-02\Page013.txt
		AdamFreeman\ProAspNetCore6\Chapter-02\Page014.txt = AdamFreeman\ProAspNetCore6\Chapter-02\Page014.txt
		AdamFreeman\ProAspNetCore6\Chapter-02\Page015.txt = AdamFreeman\ProAspNetCore6\Chapter-02\Page015.txt
		AdamFreeman\ProAspNetCore6\Chapter-02\Page016.txt = AdamFreeman\ProAspNetCore6\Chapter-02\Page016.txt
		AdamFreeman\ProAspNetCore6\Chapter-02\Page017.txt = AdamFreeman\ProAspNetCore6\Chapter-02\Page017.txt
		AdamFreeman\ProAspNetCore6\Chapter-02\Page018.txt = AdamFreeman\ProAspNetCore6\Chapter-02\Page018.txt
		AdamFreeman\ProAspNetCore6\Chapter-02\Page019.txt = AdamFreeman\ProAspNetCore6\Chapter-02\Page019.txt
		AdamFreeman\ProAspNetCore6\Chapter-02\Page020.txt = AdamFreeman\ProAspNetCore6\Chapter-02\Page020.txt
		AdamFreeman\ProAspNetCore6\Chapter-02\Page021.txt = AdamFreeman\ProAspNetCore6\Chapter-02\Page021.txt
		AdamFreeman\ProAspNetCore6\Chapter-02\Page022.txt = AdamFreeman\ProAspNetCore6\Chapter-02\Page022.txt
		AdamFreeman\ProAspNetCore6\Chapter-02\Page023.txt = AdamFreeman\ProAspNetCore6\Chapter-02\Page023.txt
		AdamFreeman\ProAspNetCore6\Chapter-02\Page024.txt = AdamFreeman\ProAspNetCore6\Chapter-02\Page024.txt
		AdamFreeman\ProAspNetCore6\Chapter-02\Page025.txt = AdamFreeman\ProAspNetCore6\Chapter-02\Page025.txt
		AdamFreeman\ProAspNetCore6\Chapter-02\Page026.txt = AdamFreeman\ProAspNetCore6\Chapter-02\Page026.txt
		AdamFreeman\ProAspNetCore6\Chapter-02\Page027.txt = AdamFreeman\ProAspNetCore6\Chapter-02\Page027.txt
		AdamFreeman\ProAspNetCore6\Chapter-02\Page028.txt = AdamFreeman\ProAspNetCore6\Chapter-02\Page028.txt
		AdamFreeman\ProAspNetCore6\Chapter-02\Page029.txt = AdamFreeman\ProAspNetCore6\Chapter-02\Page029.txt
		AdamFreeman\ProAspNetCore6\Chapter-02\Page030.txt = AdamFreeman\ProAspNetCore6\Chapter-02\Page030.txt
		AdamFreeman\ProAspNetCore6\Chapter-02\Page031.txt = AdamFreeman\ProAspNetCore6\Chapter-02\Page031.txt
		AdamFreeman\ProAspNetCore6\Chapter-02\Page032.txt = AdamFreeman\ProAspNetCore6\Chapter-02\Page032.txt
	EndProjectSection
EndProject
Project("{2150E333-8FDC-42A3-9474-1A3956D46DE8}") = "ProAspNetCore6", "ProAspNetCore6", "{74C9DA5B-4F3F-42CE-BC38-4BECB38F1F39}"
	ProjectSection(SolutionItems) = preProject
		AdamFreeman\ProAspNetCore6\Freeman A. - Pro ASP.NET Core 6 - 2022.pdf = AdamFreeman\ProAspNetCore6\Freeman A. - Pro ASP.NET Core 6 - 2022.pdf
	EndProjectSection
EndProject
Project("{9A19103F-16F7-4668-BE54-9A1E7A4F7556}") = "FirstProject", "AdamFreeman\ProAspNetCore6\FirstProject\FirstProject.csproj", "{CF705A27-007D-457D-9DAA-C537FD24BAC1}"
EndProject
Project("{2150E333-8FDC-42A3-9474-1A3956D46DE8}") = "Chapter-03", "Chapter-03", "{B7A7C925-7F87-4D32-B328-A397537E758D}"
	ProjectSection(SolutionItems) = preProject
		AdamFreeman\ProAspNetCore6\Chapter-03\Page033.txt = AdamFreeman\ProAspNetCore6\Chapter-03\Page033.txt
		AdamFreeman\ProAspNetCore6\Chapter-03\Page034.txt = AdamFreeman\ProAspNetCore6\Chapter-03\Page034.txt
		AdamFreeman\ProAspNetCore6\Chapter-03\Page035.txt = AdamFreeman\ProAspNetCore6\Chapter-03\Page035.txt
		AdamFreeman\ProAspNetCore6\Chapter-03\Page036.txt = AdamFreeman\ProAspNetCore6\Chapter-03\Page036.txt
		AdamFreeman\ProAspNetCore6\Chapter-03\Page037.txt = AdamFreeman\ProAspNetCore6\Chapter-03\Page037.txt
		AdamFreeman\ProAspNetCore6\Chapter-03\Page038.txt = AdamFreeman\ProAspNetCore6\Chapter-03\Page038.txt
		AdamFreeman\ProAspNetCore6\Chapter-03\Page039.txt = AdamFreeman\ProAspNetCore6\Chapter-03\Page039.txt
		AdamFreeman\ProAspNetCore6\Chapter-03\Page040.txt = AdamFreeman\ProAspNetCore6\Chapter-03\Page040.txt
		AdamFreeman\ProAspNetCore6\Chapter-03\Page041.txt = AdamFreeman\ProAspNetCore6\Chapter-03\Page041.txt
		AdamFreeman\ProAspNetCore6\Chapter-03\Page042.txt = AdamFreeman\ProAspNetCore6\Chapter-03\Page042.txt
		AdamFreeman\ProAspNetCore6\Chapter-03\Page043.txt = AdamFreeman\ProAspNetCore6\Chapter-03\Page043.txt
		AdamFreeman\ProAspNetCore6\Chapter-03\Page044.txt = AdamFreeman\ProAspNetCore6\Chapter-03\Page044.txt
		AdamFreeman\ProAspNetCore6\Chapter-03\Page045.txt = AdamFreeman\ProAspNetCore6\Chapter-03\Page045.txt
		AdamFreeman\ProAspNetCore6\Chapter-03\Page046.txt = AdamFreeman\ProAspNetCore6\Chapter-03\Page046.txt
		AdamFreeman\ProAspNetCore6\Chapter-03\Page047.txt = AdamFreeman\ProAspNetCore6\Chapter-03\Page047.txt
		AdamFreeman\ProAspNetCore6\Chapter-03\Page048.txt = AdamFreeman\ProAspNetCore6\Chapter-03\Page048.txt
		AdamFreeman\ProAspNetCore6\Chapter-03\Page049.txt = AdamFreeman\ProAspNetCore6\Chapter-03\Page049.txt
		AdamFreeman\ProAspNetCore6\Chapter-03\Page050.txt = AdamFreeman\ProAspNetCore6\Chapter-03\Page050.txt
		AdamFreeman\ProAspNetCore6\Chapter-03\Page051.txt = AdamFreeman\ProAspNetCore6\Chapter-03\Page051.txt
		AdamFreeman\ProAspNetCore6\Chapter-03\Page052.txt = AdamFreeman\ProAspNetCore6\Chapter-03\Page052.txt
		AdamFreeman\ProAspNetCore6\Chapter-03\Page053.txt = AdamFreeman\ProAspNetCore6\Chapter-03\Page053.txt
		AdamFreeman\ProAspNetCore6\Chapter-03\Page054.txt = AdamFreeman\ProAspNetCore6\Chapter-03\Page054.txt
		AdamFreeman\ProAspNetCore6\Chapter-03\Page055.txt = AdamFreeman\ProAspNetCore6\Chapter-03\Page055.txt
		AdamFreeman\ProAspNetCore6\Chapter-03\Page056.txt = AdamFreeman\ProAspNetCore6\Chapter-03\Page056.txt
		AdamFreeman\ProAspNetCore6\Chapter-03\Page057.txt = AdamFreeman\ProAspNetCore6\Chapter-03\Page057.txt
		AdamFreeman\ProAspNetCore6\Chapter-03\Page058.txt = AdamFreeman\ProAspNetCore6\Chapter-03\Page058.txt
	EndProjectSection
EndProject
Project("{9A19103F-16F7-4668-BE54-9A1E7A4F7556}") = "PartyInvites", "AdamFreeman\ProAspNetCore6\PartyInvites\PartyInvites.csproj", "{D5C7ED00-981C-4089-971F-FA0D4FA8784D}"
EndProject
Project("{2150E333-8FDC-42A3-9474-1A3956D46DE8}") = "Chapter-04", "Chapter-04", "{66199345-5E13-419C-BBD2-E5C0E8CCC31B}"
	ProjectSection(SolutionItems) = preProject
		AdamFreeman\ProAspNetCore6\Chapter-04\Page059.txt = AdamFreeman\ProAspNetCore6\Chapter-04\Page059.txt
		AdamFreeman\ProAspNetCore6\Chapter-04\Page060.txt = AdamFreeman\ProAspNetCore6\Chapter-04\Page060.txt
		AdamFreeman\ProAspNetCore6\Chapter-04\Page061.txt = AdamFreeman\ProAspNetCore6\Chapter-04\Page061.txt
		AdamFreeman\ProAspNetCore6\Chapter-04\Page062.txt = AdamFreeman\ProAspNetCore6\Chapter-04\Page062.txt
		AdamFreeman\ProAspNetCore6\Chapter-04\Page063.txt = AdamFreeman\ProAspNetCore6\Chapter-04\Page063.txt
		AdamFreeman\ProAspNetCore6\Chapter-04\Page064.txt = AdamFreeman\ProAspNetCore6\Chapter-04\Page064.txt
		AdamFreeman\ProAspNetCore6\Chapter-04\Page065.txt = AdamFreeman\ProAspNetCore6\Chapter-04\Page065.txt
		AdamFreeman\ProAspNetCore6\Chapter-04\Page066.txt = AdamFreeman\ProAspNetCore6\Chapter-04\Page066.txt
		AdamFreeman\ProAspNetCore6\Chapter-04\Page067.txt = AdamFreeman\ProAspNetCore6\Chapter-04\Page067.txt
		AdamFreeman\ProAspNetCore6\Chapter-04\Page068.txt = AdamFreeman\ProAspNetCore6\Chapter-04\Page068.txt
		AdamFreeman\ProAspNetCore6\Chapter-04\Page069.txt = AdamFreeman\ProAspNetCore6\Chapter-04\Page069.txt
		AdamFreeman\ProAspNetCore6\Chapter-04\Page070.txt = AdamFreeman\ProAspNetCore6\Chapter-04\Page070.txt
		AdamFreeman\ProAspNetCore6\Chapter-04\Page071.txt = AdamFreeman\ProAspNetCore6\Chapter-04\Page071.txt
		AdamFreeman\ProAspNetCore6\Chapter-04\Page072.txt = AdamFreeman\ProAspNetCore6\Chapter-04\Page072.txt
		AdamFreeman\ProAspNetCore6\Chapter-04\Page073.txt = AdamFreeman\ProAspNetCore6\Chapter-04\Page073.txt
		AdamFreeman\ProAspNetCore6\Chapter-04\Page074.txt = AdamFreeman\ProAspNetCore6\Chapter-04\Page074.txt
	EndProjectSection
EndProject
Project("{9A19103F-16F7-4668-BE54-9A1E7A4F7556}") = "ShevkunenkoSite", "ShevkunenkoSite\ShevkunenkoSite.csproj", "{F3B29056-7920-455C-8F37-39E5F022F008}"
EndProject
Project("{2150E333-8FDC-42A3-9474-1A3956D46DE8}") = "Chapter-05", "Chapter-05", "{A680EFB8-DD89-4F37-8D14-B9F3CDB3A63E}"
	ProjectSection(SolutionItems) = preProject
		AdamFreeman\ProAspNetCore6\Chapter-05\Page075.txt = AdamFreeman\ProAspNetCore6\Chapter-05\Page075.txt
		AdamFreeman\ProAspNetCore6\Chapter-05\Page076.txt = AdamFreeman\ProAspNetCore6\Chapter-05\Page076.txt
		AdamFreeman\ProAspNetCore6\Chapter-05\Page077.txt = AdamFreeman\ProAspNetCore6\Chapter-05\Page077.txt
		AdamFreeman\ProAspNetCore6\Chapter-05\Page078.txt = AdamFreeman\ProAspNetCore6\Chapter-05\Page078.txt
		AdamFreeman\ProAspNetCore6\Chapter-05\Page079.txt = AdamFreeman\ProAspNetCore6\Chapter-05\Page079.txt
		AdamFreeman\ProAspNetCore6\Chapter-05\Page080.txt = AdamFreeman\ProAspNetCore6\Chapter-05\Page080.txt
		AdamFreeman\ProAspNetCore6\Chapter-05\Page081.txt = AdamFreeman\ProAspNetCore6\Chapter-05\Page081.txt
		AdamFreeman\ProAspNetCore6\Chapter-05\Page082.txt = AdamFreeman\ProAspNetCore6\Chapter-05\Page082.txt
		AdamFreeman\ProAspNetCore6\Chapter-05\Page083.txt = AdamFreeman\ProAspNetCore6\Chapter-05\Page083.txt
		AdamFreeman\ProAspNetCore6\Chapter-05\Page084.txt = AdamFreeman\ProAspNetCore6\Chapter-05\Page084.txt
		AdamFreeman\ProAspNetCore6\Chapter-05\Page085.txt = AdamFreeman\ProAspNetCore6\Chapter-05\Page085.txt
		AdamFreeman\ProAspNetCore6\Chapter-05\Page086.txt = AdamFreeman\ProAspNetCore6\Chapter-05\Page086.txt
		AdamFreeman\ProAspNetCore6\Chapter-05\Page087.txt = AdamFreeman\ProAspNetCore6\Chapter-05\Page087.txt
		AdamFreeman\ProAspNetCore6\Chapter-05\Page088.txt = AdamFreeman\ProAspNetCore6\Chapter-05\Page088.txt
		AdamFreeman\ProAspNetCore6\Chapter-05\Page089.txt = AdamFreeman\ProAspNetCore6\Chapter-05\Page089.txt
		AdamFreeman\ProAspNetCore6\Chapter-05\Page090.txt = AdamFreeman\ProAspNetCore6\Chapter-05\Page090.txt
		AdamFreeman\ProAspNetCore6\Chapter-05\Page091.txt = AdamFreeman\ProAspNetCore6\Chapter-05\Page091.txt
		AdamFreeman\ProAspNetCore6\Chapter-05\Page092.txt = AdamFreeman\ProAspNetCore6\Chapter-05\Page092.txt
		AdamFreeman\ProAspNetCore6\Chapter-05\Page093.txt = AdamFreeman\ProAspNetCore6\Chapter-05\Page093.txt
		AdamFreeman\ProAspNetCore6\Chapter-05\Page094.txt = AdamFreeman\ProAspNetCore6\Chapter-05\Page094.txt
		AdamFreeman\ProAspNetCore6\Chapter-05\Page095.txt = AdamFreeman\ProAspNetCore6\Chapter-05\Page095.txt
		AdamFreeman\ProAspNetCore6\Chapter-05\Page096.txt = AdamFreeman\ProAspNetCore6\Chapter-05\Page096.txt
		AdamFreeman\ProAspNetCore6\Chapter-05\Page097.txt = AdamFreeman\ProAspNetCore6\Chapter-05\Page097.txt
		AdamFreeman\ProAspNetCore6\Chapter-05\Page098.txt = AdamFreeman\ProAspNetCore6\Chapter-05\Page098.txt
		AdamFreeman\ProAspNetCore6\Chapter-05\Page099.txt = AdamFreeman\ProAspNetCore6\Chapter-05\Page099.txt
		AdamFreeman\ProAspNetCore6\Chapter-05\Page100.txt = AdamFreeman\ProAspNetCore6\Chapter-05\Page100.txt
		AdamFreeman\ProAspNetCore6\Chapter-05\Page101.txt = AdamFreeman\ProAspNetCore6\Chapter-05\Page101.txt
		AdamFreeman\ProAspNetCore6\Chapter-05\Page102.txt = AdamFreeman\ProAspNetCore6\Chapter-05\Page102.txt
		AdamFreeman\ProAspNetCore6\Chapter-05\Page103.txt = AdamFreeman\ProAspNetCore6\Chapter-05\Page103.txt
		AdamFreeman\ProAspNetCore6\Chapter-05\Page104.txt = AdamFreeman\ProAspNetCore6\Chapter-05\Page104.txt
		AdamFreeman\ProAspNetCore6\Chapter-05\Page105.txt = AdamFreeman\ProAspNetCore6\Chapter-05\Page105.txt
		AdamFreeman\ProAspNetCore6\Chapter-05\Page106.txt = AdamFreeman\ProAspNetCore6\Chapter-05\Page106.txt
		AdamFreeman\ProAspNetCore6\Chapter-05\Page107.txt = AdamFreeman\ProAspNetCore6\Chapter-05\Page107.txt
		AdamFreeman\ProAspNetCore6\Chapter-05\Page108.txt = AdamFreeman\ProAspNetCore6\Chapter-05\Page108.txt
		AdamFreeman\ProAspNetCore6\Chapter-05\Page109.txt = AdamFreeman\ProAspNetCore6\Chapter-05\Page109.txt
		AdamFreeman\ProAspNetCore6\Chapter-05\Page110.txt = AdamFreeman\ProAspNetCore6\Chapter-05\Page110.txt
		AdamFreeman\ProAspNetCore6\Chapter-05\Page111.txt = AdamFreeman\ProAspNetCore6\Chapter-05\Page111.txt
		AdamFreeman\ProAspNetCore6\Chapter-05\Page112.txt = AdamFreeman\ProAspNetCore6\Chapter-05\Page112.txt
		AdamFreeman\ProAspNetCore6\Chapter-05\Page113.txt = AdamFreeman\ProAspNetCore6\Chapter-05\Page113.txt
		AdamFreeman\ProAspNetCore6\Chapter-05\Page114.txt = AdamFreeman\ProAspNetCore6\Chapter-05\Page114.txt
		AdamFreeman\ProAspNetCore6\Chapter-05\Page115.txt = AdamFreeman\ProAspNetCore6\Chapter-05\Page115.txt
		AdamFreeman\ProAspNetCore6\Chapter-05\Page116.txt = AdamFreeman\ProAspNetCore6\Chapter-05\Page116.txt
		AdamFreeman\ProAspNetCore6\Chapter-05\Page117.txt = AdamFreeman\ProAspNetCore6\Chapter-05\Page117.txt
		AdamFreeman\ProAspNetCore6\Chapter-05\Page118.txt = AdamFreeman\ProAspNetCore6\Chapter-05\Page118.txt
		AdamFreeman\ProAspNetCore6\Chapter-05\Page119.txt = AdamFreeman\ProAspNetCore6\Chapter-05\Page119.txt
	EndProjectSection
EndProject
Project("{9A19103F-16F7-4668-BE54-9A1E7A4F7556}") = "LanguageFeatures", "AdamFreeman\ProAspNetCore6\LanguageFeatures\LanguageFeatures.csproj", "{8FC8773E-E182-49BF-B62C-B4374971C4FC}"
EndProject
Project("{2150E333-8FDC-42A3-9474-1A3956D46DE8}") = "AndrewLock", "AndrewLock", "{7CABF0E9-17DB-4713-BC8F-291256460378}"
EndProject
Project("{2150E333-8FDC-42A3-9474-1A3956D46DE8}") = "AspNetCoreInAction3Ed", "AspNetCoreInAction3Ed", "{4802915D-3B44-4CC4-8928-23ABC1A66FB3}"
	ProjectSection(SolutionItems) = preProject
		AndrewLock\AspNetCoreInAction3Ed\GETTING STARTED WITH ASP NET CORE.txt = AndrewLock\AspNetCoreInAction3Ed\GETTING STARTED WITH ASP NET CORE.txt
	EndProjectSection
EndProject
Project("{2150E333-8FDC-42A3-9474-1A3956D46DE8}") = "PART 1 GETTING STARTED WITH MINIMAL APIS", "PART 1 GETTING STARTED WITH MINIMAL APIS", "{E283DE1B-151C-4E75-8AC3-04F8B1037B0E}"
	ProjectSection(SolutionItems) = preProject
		AndrewLock\AspNetCoreInAction3Ed\PART 1 GETTING STARTED WITH MINIMAL APIS\2 UNDERSTANDING ASP NET CORE.txt = AndrewLock\AspNetCoreInAction3Ed\PART 1 GETTING STARTED WITH MINIMAL APIS\2 UNDERSTANDING ASP NET CORE.txt
	EndProjectSection
EndProject
Project("{2150E333-8FDC-42A3-9474-1A3956D46DE8}") = "Chapter-06", "Chapter-06", "{415F96B4-5D89-48C9-B456-AC175F45C22E}"
	ProjectSection(SolutionItems) = preProject
		AdamFreeman\ProAspNetCore6\Chapter-06\Page121.txt = AdamFreeman\ProAspNetCore6\Chapter-06\Page121.txt
		AdamFreeman\ProAspNetCore6\Chapter-06\Page122.txt = AdamFreeman\ProAspNetCore6\Chapter-06\Page122.txt
		AdamFreeman\ProAspNetCore6\Chapter-06\Page123.txt = AdamFreeman\ProAspNetCore6\Chapter-06\Page123.txt
		AdamFreeman\ProAspNetCore6\Chapter-06\Page124.txt = AdamFreeman\ProAspNetCore6\Chapter-06\Page124.txt
		AdamFreeman\ProAspNetCore6\Chapter-06\Page125.txt = AdamFreeman\ProAspNetCore6\Chapter-06\Page125.txt
		AdamFreeman\ProAspNetCore6\Chapter-06\Page126.txt = AdamFreeman\ProAspNetCore6\Chapter-06\Page126.txt
		AdamFreeman\ProAspNetCore6\Chapter-06\Page127.txt = AdamFreeman\ProAspNetCore6\Chapter-06\Page127.txt
		AdamFreeman\ProAspNetCore6\Chapter-06\Page128.txt = AdamFreeman\ProAspNetCore6\Chapter-06\Page128.txt
		AdamFreeman\ProAspNetCore6\Chapter-06\Page129.txt = AdamFreeman\ProAspNetCore6\Chapter-06\Page129.txt
		AdamFreeman\ProAspNetCore6\Chapter-06\Page130.txt = AdamFreeman\ProAspNetCore6\Chapter-06\Page130.txt
		AdamFreeman\ProAspNetCore6\Chapter-06\Page131.txt = AdamFreeman\ProAspNetCore6\Chapter-06\Page131.txt
		AdamFreeman\ProAspNetCore6\Chapter-06\Page132.txt = AdamFreeman\ProAspNetCore6\Chapter-06\Page132.txt
		AdamFreeman\ProAspNetCore6\Chapter-06\Page133.txt = AdamFreeman\ProAspNetCore6\Chapter-06\Page133.txt
		AdamFreeman\ProAspNetCore6\Chapter-06\Page134.txt = AdamFreeman\ProAspNetCore6\Chapter-06\Page134.txt
		AdamFreeman\ProAspNetCore6\Chapter-06\Page135.txt = AdamFreeman\ProAspNetCore6\Chapter-06\Page135.txt
		AdamFreeman\ProAspNetCore6\Chapter-06\Page136.txt = AdamFreeman\ProAspNetCore6\Chapter-06\Page136.txt
		AdamFreeman\ProAspNetCore6\Chapter-06\Page137.txt = AdamFreeman\ProAspNetCore6\Chapter-06\Page137.txt
		AdamFreeman\ProAspNetCore6\Chapter-06\Page138.txt = AdamFreeman\ProAspNetCore6\Chapter-06\Page138.txt
		AdamFreeman\ProAspNetCore6\Chapter-06\Page139.txt = AdamFreeman\ProAspNetCore6\Chapter-06\Page139.txt
		AdamFreeman\ProAspNetCore6\Chapter-06\Page140.txt = AdamFreeman\ProAspNetCore6\Chapter-06\Page140.txt
	EndProjectSection
EndProject
Project("{2150E333-8FDC-42A3-9474-1A3956D46DE8}") = "Testing", "Testing", "{0536B644-6BF4-4764-A882-C53ED72DC006}"
EndProject
Project("{9A19103F-16F7-4668-BE54-9A1E7A4F7556}") = "SimpleApp", "AdamFreeman\ProAspNetCore6\Testing\SimpleApp\SimpleApp.csproj", "{70F4B469-2C1A-4B73-9AF8-1684AF40E17B}"
EndProject
Project("{9A19103F-16F7-4668-BE54-9A1E7A4F7556}") = "SimpleApp.Tests", "AdamFreeman\ProAspNetCore6\Testing\SimpleApp.Tests\SimpleApp.Tests.csproj", "{6F54E407-EE92-425B-96BB-92B21C6A7872}"
EndProject
Project("{2150E333-8FDC-42A3-9474-1A3956D46DE8}") = "MikeBrind", "MikeBrind", "{34DBE4FB-844B-49F5-87B7-AD1414ACE35B}"
EndProject
Project("{2150E333-8FDC-42A3-9474-1A3956D46DE8}") = "AspNetCoreRazorPagesInAction", "AspNetCoreRazorPagesInAction", "{482A7CC1-FFF3-442D-B231-69BB1687E04C}"
	ProjectSection(SolutionItems) = preProject
		MikeBrind\AspNetCoreRazorPagesInAction\01 Getting started with Razor Pages.txt = MikeBrind\AspNetCoreRazorPagesInAction\01 Getting started with Razor Pages.txt
		MikeBrind\AspNetCoreRazorPagesInAction\02 Your first application.txt = MikeBrind\AspNetCoreRazorPagesInAction\02 Your first application.txt
		MikeBrind\AspNetCoreRazorPagesInAction\03 Working with Razor Pages.txt = MikeBrind\AspNetCoreRazorPagesInAction\03 Working with Razor Pages.txt
	EndProjectSection
EndProject
Project("{2150E333-8FDC-42A3-9474-1A3956D46DE8}") = "AspNetCoreInAction2Ed", "AspNetCoreInAction2Ed", "{C3D88FDB-EE3C-403B-B832-4FF71DAF29DC}"
	ProjectSection(SolutionItems) = preProject
		AndrewLock\AspNetCoreInAction2Ed\Lock A. - ASP.NET Core in Action, 2nd Edition - 2021.pdf = AndrewLock\AspNetCoreInAction2Ed\Lock A. - ASP.NET Core in Action, 2nd Edition - 2021.pdf
	EndProjectSection
EndProject
Project("{2150E333-8FDC-42A3-9474-1A3956D46DE8}") = "Part1", "Part1", "{FF0E367A-664A-4B97-A8CB-A753503528AD}"
EndProject
Project("{2150E333-8FDC-42A3-9474-1A3956D46DE8}") = "Chapter-04-Creating a website", "Chapter-04-Creating a website", "{C9C6E31A-BC0B-44BC-AE82-0DB6B4FD6B35}"
	ProjectSection(SolutionItems) = preProject
		AndrewLock\AspNetCoreInAction2Ed\Part1\Chapter-04-Creating a website\Page091.txt = AndrewLock\AspNetCoreInAction2Ed\Part1\Chapter-04-Creating a website\Page091.txt
		AndrewLock\AspNetCoreInAction2Ed\Part1\Chapter-04-Creating a website\Page092.txt = AndrewLock\AspNetCoreInAction2Ed\Part1\Chapter-04-Creating a website\Page092.txt
		AndrewLock\AspNetCoreInAction2Ed\Part1\Chapter-04-Creating a website\Page093.txt = AndrewLock\AspNetCoreInAction2Ed\Part1\Chapter-04-Creating a website\Page093.txt
		AndrewLock\AspNetCoreInAction2Ed\Part1\Chapter-04-Creating a website\Page094.txt = AndrewLock\AspNetCoreInAction2Ed\Part1\Chapter-04-Creating a website\Page094.txt
		AndrewLock\AspNetCoreInAction2Ed\Part1\Chapter-04-Creating a website\Page095.txt = AndrewLock\AspNetCoreInAction2Ed\Part1\Chapter-04-Creating a website\Page095.txt
		AndrewLock\AspNetCoreInAction2Ed\Part1\Chapter-04-Creating a website\Page096.txt = AndrewLock\AspNetCoreInAction2Ed\Part1\Chapter-04-Creating a website\Page096.txt
		AndrewLock\AspNetCoreInAction2Ed\Part1\Chapter-04-Creating a website\Page097.txt = AndrewLock\AspNetCoreInAction2Ed\Part1\Chapter-04-Creating a website\Page097.txt
		AndrewLock\AspNetCoreInAction2Ed\Part1\Chapter-04-Creating a website\Page098.txt = AndrewLock\AspNetCoreInAction2Ed\Part1\Chapter-04-Creating a website\Page098.txt
		AndrewLock\AspNetCoreInAction2Ed\Part1\Chapter-04-Creating a website\Page099.txt = AndrewLock\AspNetCoreInAction2Ed\Part1\Chapter-04-Creating a website\Page099.txt
		AndrewLock\AspNetCoreInAction2Ed\Part1\Chapter-04-Creating a website\Page100.txt = AndrewLock\AspNetCoreInAction2Ed\Part1\Chapter-04-Creating a website\Page100.txt
		AndrewLock\AspNetCoreInAction2Ed\Part1\Chapter-04-Creating a website\Page101.txt = AndrewLock\AspNetCoreInAction2Ed\Part1\Chapter-04-Creating a website\Page101.txt
		AndrewLock\AspNetCoreInAction2Ed\Part1\Chapter-04-Creating a website\Page102.txt = AndrewLock\AspNetCoreInAction2Ed\Part1\Chapter-04-Creating a website\Page102.txt
		AndrewLock\AspNetCoreInAction2Ed\Part1\Chapter-04-Creating a website\Page103.txt = AndrewLock\AspNetCoreInAction2Ed\Part1\Chapter-04-Creating a website\Page103.txt
		AndrewLock\AspNetCoreInAction2Ed\Part1\Chapter-04-Creating a website\Page104.txt = AndrewLock\AspNetCoreInAction2Ed\Part1\Chapter-04-Creating a website\Page104.txt
		AndrewLock\AspNetCoreInAction2Ed\Part1\Chapter-04-Creating a website\Page105.txt = AndrewLock\AspNetCoreInAction2Ed\Part1\Chapter-04-Creating a website\Page105.txt
		AndrewLock\AspNetCoreInAction2Ed\Part1\Chapter-04-Creating a website\Page106.txt = AndrewLock\AspNetCoreInAction2Ed\Part1\Chapter-04-Creating a website\Page106.txt
		AndrewLock\AspNetCoreInAction2Ed\Part1\Chapter-04-Creating a website\Page107.txt = AndrewLock\AspNetCoreInAction2Ed\Part1\Chapter-04-Creating a website\Page107.txt
		AndrewLock\AspNetCoreInAction2Ed\Part1\Chapter-04-Creating a website\Page108.txt = AndrewLock\AspNetCoreInAction2Ed\Part1\Chapter-04-Creating a website\Page108.txt
		AndrewLock\AspNetCoreInAction2Ed\Part1\Chapter-04-Creating a website\Page109.txt = AndrewLock\AspNetCoreInAction2Ed\Part1\Chapter-04-Creating a website\Page109.txt
		AndrewLock\AspNetCoreInAction2Ed\Part1\Chapter-04-Creating a website\Page110.txt = AndrewLock\AspNetCoreInAction2Ed\Part1\Chapter-04-Creating a website\Page110.txt
		AndrewLock\AspNetCoreInAction2Ed\Part1\Chapter-04-Creating a website\Page111.txt = AndrewLock\AspNetCoreInAction2Ed\Part1\Chapter-04-Creating a website\Page111.txt
		AndrewLock\AspNetCoreInAction2Ed\Part1\Chapter-04-Creating a website\Page112.txt = AndrewLock\AspNetCoreInAction2Ed\Part1\Chapter-04-Creating a website\Page112.txt
		AndrewLock\AspNetCoreInAction2Ed\Part1\Chapter-04-Creating a website\Page113.txt = AndrewLock\AspNetCoreInAction2Ed\Part1\Chapter-04-Creating a website\Page113.txt
		AndrewLock\AspNetCoreInAction2Ed\Part1\Chapter-04-Creating a website\Page114.txt = AndrewLock\AspNetCoreInAction2Ed\Part1\Chapter-04-Creating a website\Page114.txt
		AndrewLock\AspNetCoreInAction2Ed\Part1\Chapter-04-Creating a website\Page115.txt = AndrewLock\AspNetCoreInAction2Ed\Part1\Chapter-04-Creating a website\Page115.txt
		AndrewLock\AspNetCoreInAction2Ed\Part1\Chapter-04-Creating a website\Page116.txt = AndrewLock\AspNetCoreInAction2Ed\Part1\Chapter-04-Creating a website\Page116.txt
		AndrewLock\AspNetCoreInAction2Ed\Part1\Chapter-04-Creating a website\Page117.txt = AndrewLock\AspNetCoreInAction2Ed\Part1\Chapter-04-Creating a website\Page117.txt
		AndrewLock\AspNetCoreInAction2Ed\Part1\Chapter-04-Creating a website\Page118.txt = AndrewLock\AspNetCoreInAction2Ed\Part1\Chapter-04-Creating a website\Page118.txt
		AndrewLock\AspNetCoreInAction2Ed\Part1\Chapter-04-Creating a website\Page119.txt = AndrewLock\AspNetCoreInAction2Ed\Part1\Chapter-04-Creating a website\Page119.txt
		AndrewLock\AspNetCoreInAction2Ed\Part1\Chapter-04-Creating a website\Page120.txt = AndrewLock\AspNetCoreInAction2Ed\Part1\Chapter-04-Creating a website\Page120.txt
		AndrewLock\AspNetCoreInAction2Ed\Part1\Chapter-04-Creating a website\Page121.txt = AndrewLock\AspNetCoreInAction2Ed\Part1\Chapter-04-Creating a website\Page121.txt
	EndProjectSection
EndProject
Project("{2150E333-8FDC-42A3-9474-1A3956D46DE8}") = "Chapter-07", "Chapter-07", "{E6D7E5FE-0A1E-4B13-B767-76811BF03845}"
	ProjectSection(SolutionItems) = preProject
		AdamFreeman\ProAspNetCore6\Chapter-07\Page141.txt = AdamFreeman\ProAspNetCore6\Chapter-07\Page141.txt
		AdamFreeman\ProAspNetCore6\Chapter-07\Page142.txt = AdamFreeman\ProAspNetCore6\Chapter-07\Page142.txt
		AdamFreeman\ProAspNetCore6\Chapter-07\Page143.txt = AdamFreeman\ProAspNetCore6\Chapter-07\Page143.txt
		AdamFreeman\ProAspNetCore6\Chapter-07\Page144.txt = AdamFreeman\ProAspNetCore6\Chapter-07\Page144.txt
		AdamFreeman\ProAspNetCore6\Chapter-07\Page145.txt = AdamFreeman\ProAspNetCore6\Chapter-07\Page145.txt
		AdamFreeman\ProAspNetCore6\Chapter-07\Page146.txt = AdamFreeman\ProAspNetCore6\Chapter-07\Page146.txt
		AdamFreeman\ProAspNetCore6\Chapter-07\Page147.txt = AdamFreeman\ProAspNetCore6\Chapter-07\Page147.txt
		AdamFreeman\ProAspNetCore6\Chapter-07\Page148.txt = AdamFreeman\ProAspNetCore6\Chapter-07\Page148.txt
		AdamFreeman\ProAspNetCore6\Chapter-07\Page149.txt = AdamFreeman\ProAspNetCore6\Chapter-07\Page149.txt
		AdamFreeman\ProAspNetCore6\Chapter-07\Page150.txt = AdamFreeman\ProAspNetCore6\Chapter-07\Page150.txt
		AdamFreeman\ProAspNetCore6\Chapter-07\Page151.txt = AdamFreeman\ProAspNetCore6\Chapter-07\Page151.txt
		AdamFreeman\ProAspNetCore6\Chapter-07\Page152.txt = AdamFreeman\ProAspNetCore6\Chapter-07\Page152.txt
		AdamFreeman\ProAspNetCore6\Chapter-07\Page153.txt = AdamFreeman\ProAspNetCore6\Chapter-07\Page153.txt
		AdamFreeman\ProAspNetCore6\Chapter-07\Page154.txt = AdamFreeman\ProAspNetCore6\Chapter-07\Page154.txt
		AdamFreeman\ProAspNetCore6\Chapter-07\Page155.txt = AdamFreeman\ProAspNetCore6\Chapter-07\Page155.txt
		AdamFreeman\ProAspNetCore6\Chapter-07\Page156.txt = AdamFreeman\ProAspNetCore6\Chapter-07\Page156.txt
		AdamFreeman\ProAspNetCore6\Chapter-07\Page157.txt = AdamFreeman\ProAspNetCore6\Chapter-07\Page157.txt
		AdamFreeman\ProAspNetCore6\Chapter-07\Page158.txt = AdamFreeman\ProAspNetCore6\Chapter-07\Page158.txt
		AdamFreeman\ProAspNetCore6\Chapter-07\Page159.txt = AdamFreeman\ProAspNetCore6\Chapter-07\Page159.txt
		AdamFreeman\ProAspNetCore6\Chapter-07\Page160.txt = AdamFreeman\ProAspNetCore6\Chapter-07\Page160.txt
		AdamFreeman\ProAspNetCore6\Chapter-07\Page161.txt = AdamFreeman\ProAspNetCore6\Chapter-07\Page161.txt
		AdamFreeman\ProAspNetCore6\Chapter-07\Page162.txt = AdamFreeman\ProAspNetCore6\Chapter-07\Page162.txt
		AdamFreeman\ProAspNetCore6\Chapter-07\Page163.txt = AdamFreeman\ProAspNetCore6\Chapter-07\Page163.txt
		AdamFreeman\ProAspNetCore6\Chapter-07\Page164.txt = AdamFreeman\ProAspNetCore6\Chapter-07\Page164.txt
		AdamFreeman\ProAspNetCore6\Chapter-07\Page165.txt = AdamFreeman\ProAspNetCore6\Chapter-07\Page165.txt
		AdamFreeman\ProAspNetCore6\Chapter-07\Page166.txt = AdamFreeman\ProAspNetCore6\Chapter-07\Page166.txt
		AdamFreeman\ProAspNetCore6\Chapter-07\Page167.txt = AdamFreeman\ProAspNetCore6\Chapter-07\Page167.txt
		AdamFreeman\ProAspNetCore6\Chapter-07\Page168.txt = AdamFreeman\ProAspNetCore6\Chapter-07\Page168.txt
		AdamFreeman\ProAspNetCore6\Chapter-07\Page169.txt = AdamFreeman\ProAspNetCore6\Chapter-07\Page169.txt
		AdamFreeman\ProAspNetCore6\Chapter-07\Page170.txt = AdamFreeman\ProAspNetCore6\Chapter-07\Page170.txt
		AdamFreeman\ProAspNetCore6\Chapter-07\Page171.txt = AdamFreeman\ProAspNetCore6\Chapter-07\Page171.txt
		AdamFreeman\ProAspNetCore6\Chapter-07\Page172.txt = AdamFreeman\ProAspNetCore6\Chapter-07\Page172.txt
		AdamFreeman\ProAspNetCore6\Chapter-07\Page173.txt = AdamFreeman\ProAspNetCore6\Chapter-07\Page173.txt
		AdamFreeman\ProAspNetCore6\Chapter-07\Page174.txt = AdamFreeman\ProAspNetCore6\Chapter-07\Page174.txt
		AdamFreeman\ProAspNetCore6\Chapter-07\Page175.txt = AdamFreeman\ProAspNetCore6\Chapter-07\Page175.txt
		AdamFreeman\ProAspNetCore6\Chapter-07\Page176.txt = AdamFreeman\ProAspNetCore6\Chapter-07\Page176.txt
	EndProjectSection
EndProject
Project("{9A19103F-16F7-4668-BE54-9A1E7A4F7556}") = "SportsStore", "AdamFreeman\ProAspNetCore6\SportsStore\SportsStore.csproj", "{332CC7CC-A717-43BD-ABE4-E89B67370D70}"
EndProject
Project("{9A19103F-16F7-4668-BE54-9A1E7A4F7556}") = "SportsStore.Tests", "AdamFreeman\ProAspNetCore6\SportsStore.Tests\SportsStore.Tests.csproj", "{0DFD5A1F-1A2A-4817-9EB3-F5DA4E359D3E}"
EndProject
Project("{9A19103F-16F7-4668-BE54-9A1E7A4F7556}") = "ShevkunenkoSite.Services", "ShevkunenkoSite.Services\ShevkunenkoSite.Services.csproj", "{3C360527-92D2-4D78-8F0A-44C815298D1D}"
EndProject
Project("{9A19103F-16F7-4668-BE54-9A1E7A4F7556}") = "ShevkunenkoSite.Models", "ShevkunenkoSite.Models\ShevkunenkoSite.Models.csproj", "{E154A271-D3A6-4AB1-8089-A319F600C240}"
EndProject
Project("{9A19103F-16F7-4668-BE54-9A1E7A4F7556}") = "ShevkunenkoSite.Tests", "ShevkunenkoSite.Tests\ShevkunenkoSite.Tests.csproj", "{6CB062C1-A416-414C-8441-5AD259DDE2F3}"
EndProject
Project("{2150E333-8FDC-42A3-9474-1A3956D46DE8}") = "01 - Home", "01 - Home", "{8F66E7C7-AE41-475E-827A-7D82425A5530}"
	ProjectSection(SolutionItems) = preProject
		MikeBrind\AspNetCoreRazorPagesInAction\01 - Home\Page01.txt = MikeBrind\AspNetCoreRazorPagesInAction\01 - Home\Page01.txt
	EndProjectSection
EndProject
Project("{2150E333-8FDC-42A3-9474-1A3956D46DE8}") = "07 - View Components", "07 - View Components", "{E80C9E81-240F-46D3-B1FE-0AA966A3BB98}"
	ProjectSection(SolutionItems) = preProject
		MikeBrind\AspNetCoreRazorPagesInAction\07 - View Components\Page01.txt = MikeBrind\AspNetCoreRazorPagesInAction\07 - View Components\Page01.txt
		MikeBrind\AspNetCoreRazorPagesInAction\07 - View Components\Page02 - Elements of a view component.txt = MikeBrind\AspNetCoreRazorPagesInAction\07 - View Components\Page02 - Elements of a view component.txt
		MikeBrind\AspNetCoreRazorPagesInAction\07 - View Components\Page03 - Walkthrough.txt = MikeBrind\AspNetCoreRazorPagesInAction\07 - View Components\Page03 - Walkthrough.txt
		MikeBrind\AspNetCoreRazorPagesInAction\07 - View Components\Page04 - Taghelper and passing parameters.txt = MikeBrind\AspNetCoreRazorPagesInAction\07 - View Components\Page04 - Taghelper and passing parameters.txt
		MikeBrind\AspNetCoreRazorPagesInAction\07 - View Components\Page05 - Optional Parameters.txt = MikeBrind\AspNetCoreRazorPagesInAction\07 - View Components\Page05 - Optional Parameters.txt
	EndProjectSection
EndProject
Project("{9A19103F-16F7-4668-BE54-9A1E7A4F7556}") = "RazorPages", "MikeBrind\AspNetCoreRazorPagesInAction\07 - View Components\RazorPages\RazorPages.csproj", "{9030AF40-A67F-43FB-BCC8-3DE0CAB0A5EE}"
EndProject
Project("{2150E333-8FDC-42A3-9474-1A3956D46DE8}") = "Part3 - Extending your applications", "Part3 - Extending your applications", "{9C56C159-4FD5-4CCA-AF04-7FCAEC051F1F}"
EndProject
Project("{2150E333-8FDC-42A3-9474-1A3956D46DE8}") = "Chapter20 - Building custom MVC and Razor Pages components", "Chapter20 - Building custom MVC and Razor Pages components", "{F5502E81-7F14-4FAD-B1ED-0CAF902CD762}"
	ProjectSection(SolutionItems) = preProject
		AndrewLock\AspNetCoreInAction2Ed\Part3 - Extending your applications\Chapter20 - Building custom MVC and Razor Pages components\Page640.txt = AndrewLock\AspNetCoreInAction2Ed\Part3 - Extending your applications\Chapter20 - Building custom MVC and Razor Pages components\Page640.txt
		AndrewLock\AspNetCoreInAction2Ed\Part3 - Extending your applications\Chapter20 - Building custom MVC and Razor Pages components\Page641.txt = AndrewLock\AspNetCoreInAction2Ed\Part3 - Extending your applications\Chapter20 - Building custom MVC and Razor Pages components\Page641.txt
		AndrewLock\AspNetCoreInAction2Ed\Part3 - Extending your applications\Chapter20 - Building custom MVC and Razor Pages components\Page642.txt = AndrewLock\AspNetCoreInAction2Ed\Part3 - Extending your applications\Chapter20 - Building custom MVC and Razor Pages components\Page642.txt
		AndrewLock\AspNetCoreInAction2Ed\Part3 - Extending your applications\Chapter20 - Building custom MVC and Razor Pages components\Page643.txt = AndrewLock\AspNetCoreInAction2Ed\Part3 - Extending your applications\Chapter20 - Building custom MVC and Razor Pages components\Page643.txt
		AndrewLock\AspNetCoreInAction2Ed\Part3 - Extending your applications\Chapter20 - Building custom MVC and Razor Pages components\Page644.txt = AndrewLock\AspNetCoreInAction2Ed\Part3 - Extending your applications\Chapter20 - Building custom MVC and Razor Pages components\Page644.txt
		AndrewLock\AspNetCoreInAction2Ed\Part3 - Extending your applications\Chapter20 - Building custom MVC and Razor Pages components\Page645.txt = AndrewLock\AspNetCoreInAction2Ed\Part3 - Extending your applications\Chapter20 - Building custom MVC and Razor Pages components\Page645.txt
		AndrewLock\AspNetCoreInAction2Ed\Part3 - Extending your applications\Chapter20 - Building custom MVC and Razor Pages components\Page646.txt = AndrewLock\AspNetCoreInAction2Ed\Part3 - Extending your applications\Chapter20 - Building custom MVC and Razor Pages components\Page646.txt
		AndrewLock\AspNetCoreInAction2Ed\Part3 - Extending your applications\Chapter20 - Building custom MVC and Razor Pages components\Page647.txt = AndrewLock\AspNetCoreInAction2Ed\Part3 - Extending your applications\Chapter20 - Building custom MVC and Razor Pages components\Page647.txt
		AndrewLock\AspNetCoreInAction2Ed\Part3 - Extending your applications\Chapter20 - Building custom MVC and Razor Pages components\Page648.txt = AndrewLock\AspNetCoreInAction2Ed\Part3 - Extending your applications\Chapter20 - Building custom MVC and Razor Pages components\Page648.txt
		AndrewLock\AspNetCoreInAction2Ed\Part3 - Extending your applications\Chapter20 - Building custom MVC and Razor Pages components\Page649.txt = AndrewLock\AspNetCoreInAction2Ed\Part3 - Extending your applications\Chapter20 - Building custom MVC and Razor Pages components\Page649.txt
		AndrewLock\AspNetCoreInAction2Ed\Part3 - Extending your applications\Chapter20 - Building custom MVC and Razor Pages components\Page650.txt = AndrewLock\AspNetCoreInAction2Ed\Part3 - Extending your applications\Chapter20 - Building custom MVC and Razor Pages components\Page650.txt
		AndrewLock\AspNetCoreInAction2Ed\Part3 - Extending your applications\Chapter20 - Building custom MVC and Razor Pages components\Page651.txt = AndrewLock\AspNetCoreInAction2Ed\Part3 - Extending your applications\Chapter20 - Building custom MVC and Razor Pages components\Page651.txt
		AndrewLock\AspNetCoreInAction2Ed\Part3 - Extending your applications\Chapter20 - Building custom MVC and Razor Pages components\Page652.txt = AndrewLock\AspNetCoreInAction2Ed\Part3 - Extending your applications\Chapter20 - Building custom MVC and Razor Pages components\Page652.txt
		AndrewLock\AspNetCoreInAction2Ed\Part3 - Extending your applications\Chapter20 - Building custom MVC and Razor Pages components\Page653.txt = AndrewLock\AspNetCoreInAction2Ed\Part3 - Extending your applications\Chapter20 - Building custom MVC and Razor Pages components\Page653.txt
		AndrewLock\AspNetCoreInAction2Ed\Part3 - Extending your applications\Chapter20 - Building custom MVC and Razor Pages components\Page654.txt = AndrewLock\AspNetCoreInAction2Ed\Part3 - Extending your applications\Chapter20 - Building custom MVC and Razor Pages components\Page654.txt
		AndrewLock\AspNetCoreInAction2Ed\Part3 - Extending your applications\Chapter20 - Building custom MVC and Razor Pages components\Page655.txt = AndrewLock\AspNetCoreInAction2Ed\Part3 - Extending your applications\Chapter20 - Building custom MVC and Razor Pages components\Page655.txt
		AndrewLock\AspNetCoreInAction2Ed\Part3 - Extending your applications\Chapter20 - Building custom MVC and Razor Pages components\Page656.txt = AndrewLock\AspNetCoreInAction2Ed\Part3 - Extending your applications\Chapter20 - Building custom MVC and Razor Pages components\Page656.txt
		AndrewLock\AspNetCoreInAction2Ed\Part3 - Extending your applications\Chapter20 - Building custom MVC and Razor Pages components\Page657.txt = AndrewLock\AspNetCoreInAction2Ed\Part3 - Extending your applications\Chapter20 - Building custom MVC and Razor Pages components\Page657.txt
		AndrewLock\AspNetCoreInAction2Ed\Part3 - Extending your applications\Chapter20 - Building custom MVC and Razor Pages components\Page658.txt = AndrewLock\AspNetCoreInAction2Ed\Part3 - Extending your applications\Chapter20 - Building custom MVC and Razor Pages components\Page658.txt
		AndrewLock\AspNetCoreInAction2Ed\Part3 - Extending your applications\Chapter20 - Building custom MVC and Razor Pages components\Page659.txt = AndrewLock\AspNetCoreInAction2Ed\Part3 - Extending your applications\Chapter20 - Building custom MVC and Razor Pages components\Page659.txt
		AndrewLock\AspNetCoreInAction2Ed\Part3 - Extending your applications\Chapter20 - Building custom MVC and Razor Pages components\Page660.txt = AndrewLock\AspNetCoreInAction2Ed\Part3 - Extending your applications\Chapter20 - Building custom MVC and Razor Pages components\Page660.txt
		AndrewLock\AspNetCoreInAction2Ed\Part3 - Extending your applications\Chapter20 - Building custom MVC and Razor Pages components\Page661.txt = AndrewLock\AspNetCoreInAction2Ed\Part3 - Extending your applications\Chapter20 - Building custom MVC and Razor Pages components\Page661.txt
		AndrewLock\AspNetCoreInAction2Ed\Part3 - Extending your applications\Chapter20 - Building custom MVC and Razor Pages components\Page662.txt = AndrewLock\AspNetCoreInAction2Ed\Part3 - Extending your applications\Chapter20 - Building custom MVC and Razor Pages components\Page662.txt
		AndrewLock\AspNetCoreInAction2Ed\Part3 - Extending your applications\Chapter20 - Building custom MVC and Razor Pages components\Page663.txt = AndrewLock\AspNetCoreInAction2Ed\Part3 - Extending your applications\Chapter20 - Building custom MVC and Razor Pages components\Page663.txt
		AndrewLock\AspNetCoreInAction2Ed\Part3 - Extending your applications\Chapter20 - Building custom MVC and Razor Pages components\Page664.txt = AndrewLock\AspNetCoreInAction2Ed\Part3 - Extending your applications\Chapter20 - Building custom MVC and Razor Pages components\Page664.txt
		AndrewLock\AspNetCoreInAction2Ed\Part3 - Extending your applications\Chapter20 - Building custom MVC and Razor Pages components\Page665.txt = AndrewLock\AspNetCoreInAction2Ed\Part3 - Extending your applications\Chapter20 - Building custom MVC and Razor Pages components\Page665.txt
		AndrewLock\AspNetCoreInAction2Ed\Part3 - Extending your applications\Chapter20 - Building custom MVC and Razor Pages components\Page666.txt = AndrewLock\AspNetCoreInAction2Ed\Part3 - Extending your applications\Chapter20 - Building custom MVC and Razor Pages components\Page666.txt
	EndProjectSection
EndProject
Project("{2150E333-8FDC-42A3-9474-1A3956D46DE8}") = "Chapter-08-SportsStore-Navigation and Cart", "Chapter-08-SportsStore-Navigation and Cart", "{C840389F-2593-49AB-B687-AD1D9E5B1156}"
	ProjectSection(SolutionItems) = preProject
		AdamFreeman\ProAspNetCore6\Chapter-08-SportsStore-Navigation and Cart\Page177.txt = AdamFreeman\ProAspNetCore6\Chapter-08-SportsStore-Navigation and Cart\Page177.txt
		AdamFreeman\ProAspNetCore6\Chapter-08-SportsStore-Navigation and Cart\Page178.txt = AdamFreeman\ProAspNetCore6\Chapter-08-SportsStore-Navigation and Cart\Page178.txt
		AdamFreeman\ProAspNetCore6\Chapter-08-SportsStore-Navigation and Cart\Page179.txt = AdamFreeman\ProAspNetCore6\Chapter-08-SportsStore-Navigation and Cart\Page179.txt
		AdamFreeman\ProAspNetCore6\Chapter-08-SportsStore-Navigation and Cart\Page180.txt = AdamFreeman\ProAspNetCore6\Chapter-08-SportsStore-Navigation and Cart\Page180.txt
		AdamFreeman\ProAspNetCore6\Chapter-08-SportsStore-Navigation and Cart\Page181.txt = AdamFreeman\ProAspNetCore6\Chapter-08-SportsStore-Navigation and Cart\Page181.txt
		AdamFreeman\ProAspNetCore6\Chapter-08-SportsStore-Navigation and Cart\Page182.txt = AdamFreeman\ProAspNetCore6\Chapter-08-SportsStore-Navigation and Cart\Page182.txt
		AdamFreeman\ProAspNetCore6\Chapter-08-SportsStore-Navigation and Cart\Page183.txt = AdamFreeman\ProAspNetCore6\Chapter-08-SportsStore-Navigation and Cart\Page183.txt
		AdamFreeman\ProAspNetCore6\Chapter-08-SportsStore-Navigation and Cart\Page184.txt = AdamFreeman\ProAspNetCore6\Chapter-08-SportsStore-Navigation and Cart\Page184.txt
		AdamFreeman\ProAspNetCore6\Chapter-08-SportsStore-Navigation and Cart\Page185.txt = AdamFreeman\ProAspNetCore6\Chapter-08-SportsStore-Navigation and Cart\Page185.txt
		AdamFreeman\ProAspNetCore6\Chapter-08-SportsStore-Navigation and Cart\Page186.txt = AdamFreeman\ProAspNetCore6\Chapter-08-SportsStore-Navigation and Cart\Page186.txt
		AdamFreeman\ProAspNetCore6\Chapter-08-SportsStore-Navigation and Cart\Page187.txt = AdamFreeman\ProAspNetCore6\Chapter-08-SportsStore-Navigation and Cart\Page187.txt
		AdamFreeman\ProAspNetCore6\Chapter-08-SportsStore-Navigation and Cart\Page188.txt = AdamFreeman\ProAspNetCore6\Chapter-08-SportsStore-Navigation and Cart\Page188.txt
		AdamFreeman\ProAspNetCore6\Chapter-08-SportsStore-Navigation and Cart\Page189.txt = AdamFreeman\ProAspNetCore6\Chapter-08-SportsStore-Navigation and Cart\Page189.txt
		AdamFreeman\ProAspNetCore6\Chapter-08-SportsStore-Navigation and Cart\Page190.txt = AdamFreeman\ProAspNetCore6\Chapter-08-SportsStore-Navigation and Cart\Page190.txt
		AdamFreeman\ProAspNetCore6\Chapter-08-SportsStore-Navigation and Cart\Page191.txt = AdamFreeman\ProAspNetCore6\Chapter-08-SportsStore-Navigation and Cart\Page191.txt
		AdamFreeman\ProAspNetCore6\Chapter-08-SportsStore-Navigation and Cart\Page192.txt = AdamFreeman\ProAspNetCore6\Chapter-08-SportsStore-Navigation and Cart\Page192.txt
		AdamFreeman\ProAspNetCore6\Chapter-08-SportsStore-Navigation and Cart\Page193.txt = AdamFreeman\ProAspNetCore6\Chapter-08-SportsStore-Navigation and Cart\Page193.txt
		AdamFreeman\ProAspNetCore6\Chapter-08-SportsStore-Navigation and Cart\Page194.txt = AdamFreeman\ProAspNetCore6\Chapter-08-SportsStore-Navigation and Cart\Page194.txt
		AdamFreeman\ProAspNetCore6\Chapter-08-SportsStore-Navigation and Cart\Page195.txt = AdamFreeman\ProAspNetCore6\Chapter-08-SportsStore-Navigation and Cart\Page195.txt
		AdamFreeman\ProAspNetCore6\Chapter-08-SportsStore-Navigation and Cart\Page196.txt = AdamFreeman\ProAspNetCore6\Chapter-08-SportsStore-Navigation and Cart\Page196.txt
		AdamFreeman\ProAspNetCore6\Chapter-08-SportsStore-Navigation and Cart\Page197.txt = AdamFreeman\ProAspNetCore6\Chapter-08-SportsStore-Navigation and Cart\Page197.txt
		AdamFreeman\ProAspNetCore6\Chapter-08-SportsStore-Navigation and Cart\Page198.txt = AdamFreeman\ProAspNetCore6\Chapter-08-SportsStore-Navigation and Cart\Page198.txt
		AdamFreeman\ProAspNetCore6\Chapter-08-SportsStore-Navigation and Cart\Page199.txt = AdamFreeman\ProAspNetCore6\Chapter-08-SportsStore-Navigation and Cart\Page199.txt
		AdamFreeman\ProAspNetCore6\Chapter-08-SportsStore-Navigation and Cart\Page200.txt = AdamFreeman\ProAspNetCore6\Chapter-08-SportsStore-Navigation and Cart\Page200.txt
		AdamFreeman\ProAspNetCore6\Chapter-08-SportsStore-Navigation and Cart\Page201.txt = AdamFreeman\ProAspNetCore6\Chapter-08-SportsStore-Navigation and Cart\Page201.txt
	EndProjectSection
EndProject
Project("{2150E333-8FDC-42A3-9474-1A3956D46DE8}") = "A First Look", "A First Look", "{D5D24C09-6D6F-4695-9184-BB1E49F3B290}"
	ProjectSection(SolutionItems) = preProject
		MikeBrind\AspNetCoreRazorPagesInAction\01 - Home\A First Look\Page01.txt = MikeBrind\AspNetCoreRazorPagesInAction\01 - Home\A First Look\Page01.txt
	EndProjectSection
EndProject
Project("{9A19103F-16F7-4668-BE54-9A1E7A4F7556}") = "RazorPages", "MikeBrind\AspNetCoreRazorPagesInAction\01 - Home\A First Look\RazorPages\RazorPages.csproj", "{461CC566-E278-4C47-9CBA-5B79F6E97D77}"
EndProject
Project("{2150E333-8FDC-42A3-9474-1A3956D46DE8}") = "02 - ASP.NET Core", "02 - ASP.NET Core", "{A92DE3EE-FB66-447D-A84E-F6A3EB51BBFE}"
	ProjectSection(SolutionItems) = preProject
		MikeBrind\AspNetCoreRazorPagesInAction\02 - ASP.NET Core\Page01.txt = MikeBrind\AspNetCoreRazorPagesInAction\02 - ASP.NET Core\Page01.txt
	EndProjectSection
EndProject
Project("{2150E333-8FDC-42A3-9474-1A3956D46DE8}") = "03 - Razor Page Files", "03 - Razor Page Files", "{477FFA16-BD22-40A0-9C30-AE376C3E76A0}"
	ProjectSection(SolutionItems) = preProject
		MikeBrind\AspNetCoreRazorPagesInAction\03 - Razor Page Files\Page01.txt = MikeBrind\AspNetCoreRazorPagesInAction\03 - Razor Page Files\Page01.txt
	EndProjectSection
EndProject
Project("{9A19103F-16F7-4668-BE54-9A1E7A4F7556}") = "Examples", "MikeBrind\AspNetCoreRazorPagesInAction\03 - Razor Page Files\Examples\Examples.csproj", "{F4F62B76-05CD-460E-AC66-1BC169640966}"
EndProject
Project("{2150E333-8FDC-42A3-9474-1A3956D46DE8}") = "01-Razor Files", "01-Razor Files", "{A61EF402-BA05-4035-A133-0A6D0E96927E}"
	ProjectSection(SolutionItems) = preProject
		MikeBrind\AspNetCoreRazorPagesInAction\03 - Razor Page Files\01-Razor Files\Page01.txt = MikeBrind\AspNetCoreRazorPagesInAction\03 - Razor Page Files\01-Razor Files\Page01.txt
	EndProjectSection
EndProject
Project("{2150E333-8FDC-42A3-9474-1A3956D46DE8}") = "02-Partial Pages", "02-Partial Pages", "{981A8C48-804E-4289-9EA1-975543A42927}"
	ProjectSection(SolutionItems) = preProject
		MikeBrind\AspNetCoreRazorPagesInAction\03 - Razor Page Files\02-Partial Pages\Page01.txt = MikeBrind\AspNetCoreRazorPagesInAction\03 - Razor Page Files\02-Partial Pages\Page01.txt
	EndProjectSection
EndProject
Project("{9A19103F-16F7-4668-BE54-9A1E7A4F7556}") = "PartialDemo", "MikeBrind\AspNetCoreRazorPagesInAction\03 - Razor Page Files\02-Partial Pages\PartialDemo\PartialDemo.csproj", "{57076D0B-7AB8-4CE7-BE94-266DCE9D398F}"
EndProject
Project("{2150E333-8FDC-42A3-9474-1A3956D46DE8}") = "03-Layout Files", "03-Layout Files", "{76F4B4F7-118F-4108-87AF-DD53A62FBD42}"
	ProjectSection(SolutionItems) = preProject
		MikeBrind\AspNetCoreRazorPagesInAction\03 - Razor Page Files\03-Layout Files\Page01.txt = MikeBrind\AspNetCoreRazorPagesInAction\03 - Razor Page Files\03-Layout Files\Page01.txt
	EndProjectSection
EndProject
Project("{9A19103F-16F7-4668-BE54-9A1E7A4F7556}") = "MVC-SandBox", "MVC-SandBox\MVC-SandBox.csproj", "{A4087B5D-6042-4AB2-9213-11BA2FBCEBBB}"
EndProject
Project("{2150E333-8FDC-42A3-9474-1A3956D46DE8}") = "22 - Advanced", "22 - Advanced", "{EE14E805-5236-499E-B932-2C38A196F61B}"
	ProjectSection(SolutionItems) = preProject
		MikeBrind\AspNetCoreRazorPagesInAction\22 - Advanced\Page01.txt = MikeBrind\AspNetCoreRazorPagesInAction\22 - Advanced\Page01.txt
	EndProjectSection
EndProject
Project("{2150E333-8FDC-42A3-9474-1A3956D46DE8}") = "01 - Dependency Injection", "01 - Dependency Injection", "{0A81F2AB-3928-4703-A2E4-7C307CC935A0}"
EndProject
Project("{2150E333-8FDC-42A3-9474-1A3956D46DE8}") = "02 - Creating Custom Tag Helpers", "02 - Creating Custom Tag Helpers", "{7EC75C58-A163-4B09-BA5F-37F4F7735FB8}"
EndProject
Project("{2150E333-8FDC-42A3-9474-1A3956D46DE8}") = "03 - Filters in Razor Pages", "03 - Filters in Razor Pages", "{1553F085-B82A-4C8F-8A0E-D57A9DCEAA5B}"
EndProject
Project("{2150E333-8FDC-42A3-9474-1A3956D46DE8}") = "04 - Areas in Razor Pages", "04 - Areas in Razor Pages", "{AABFB60B-E566-4AC0-8399-EB0E20110513}"
	ProjectSection(SolutionItems) = preProject
		MikeBrind\AspNetCoreRazorPagesInAction\22 - Advanced\04 - Areas in Razor Pages\Page01.txt = MikeBrind\AspNetCoreRazorPagesInAction\22 - Advanced\04 - Areas in Razor Pages\Page01.txt
	EndProjectSection
EndProject
Project("{2150E333-8FDC-42A3-9474-1A3956D46DE8}") = "05 - Customising Route Conventions", "05 - Customising Route Conventions", "{E5F93850-5D22-4602-8A61-E9B2A82366C3}"
EndProject
Project("{2150E333-8FDC-42A3-9474-1A3956D46DE8}") = "06 - Custom Route Constraints", "06 - Custom Route Constraints", "{4F43905E-1E0D-4456-B231-B422A936D143}"
EndProject
Project("{2150E333-8FDC-42A3-9474-1A3956D46DE8}") = "07 - Parameter Transformers For Routes", "07 - Parameter Transformers For Routes", "{721C2201-DE2F-4869-A279-E44F3220C5A4}"
EndProject
Project("{2150E333-8FDC-42A3-9474-1A3956D46DE8}") = "08 - Razor Class Libraries", "08 - Razor Class Libraries", "{AA99EA02-661F-4A68-9C58-4037AF0F0867}"
EndProject
Project("{2150E333-8FDC-42A3-9474-1A3956D46DE8}") = "09 - Rendering Partial Pages To A String", "09 - Rendering Partial Pages To A String", "{C8021D75-C41D-4933-8F0D-0822022A3C65}"
EndProject
Project("{2150E333-8FDC-42A3-9474-1A3956D46DE8}") = "10 - Custom Model Binder in Razor Pages", "10 - Custom Model Binder in Razor Pages", "{8A20110A-BA03-4787-B391-D0C8DCE3FB10}"
EndProject
Project("{9A19103F-16F7-4668-BE54-9A1E7A4F7556}") = "RP-SandBox", "RP-SandBox\RP-SandBox.csproj", "{E66162A4-DC14-4D1E-B8D3-ABFF6358B231}"
EndProject
Project("{2150E333-8FDC-42A3-9474-1A3956D46DE8}") = "AspNetCore.Docs", "AspNetCore.Docs", "{BBF39DE0-3616-4AF3-B079-5D6914BE2879}"
EndProject
Project("{2150E333-8FDC-42A3-9474-1A3956D46DE8}") = "aspnetcore", "aspnetcore", "{6EABA62E-2D66-41C4-825B-A8F6765B8A30}"
EndProject
Project("{2150E333-8FDC-42A3-9474-1A3956D46DE8}") = "security", "security", "{0A756E4C-DDCF-44B1-9A50-425770429ED1}"
EndProject
Project("{2150E333-8FDC-42A3-9474-1A3956D46DE8}") = "authentication", "authentication", "{1FFF88A9-BC76-41D7-A7EC-093835E9289D}"
EndProject
Project("{2150E333-8FDC-42A3-9474-1A3956D46DE8}") = "identity", "identity", "{3BCD658C-BD83-4297-8F46-A5C43014827E}"
EndProject
Project("{2150E333-8FDC-42A3-9474-1A3956D46DE8}") = "sample", "sample", "{2896D091-5468-4515-B7B2-F24AD6196849}"
EndProject
Project("{9A19103F-16F7-4668-BE54-9A1E7A4F7556}") = "WebApp1", "AspNetCore.Docs\aspnetcore\security\authentication\identity\sample\WebApp1\WebApp1.csproj", "{300668EA-6B89-4C96-A80F-E0FBE6F87CAD}"
EndProject
Project("{2150E333-8FDC-42A3-9474-1A3956D46DE8}") = "Metanit.com", "Metanit.com", "{6455067E-203E-44C7-9FF1-C0448FDF7BFB}"
EndProject
Project("{2150E333-8FDC-42A3-9474-1A3956D46DE8}") = "Руководство по ASP.NET Core 7", "Руководство по ASP.NET Core 7", "{8E6EC6D2-33A2-4425-BFE2-30DDEDDE162C}"
EndProject
Project("{2150E333-8FDC-42A3-9474-1A3956D46DE8}") = "Глава 13. Аутентификация и авторизация", "Глава 13. Аутентификация и авторизация", "{2E3DAEFB-A706-46C4-AD5D-3DDF6AA987A7}"
EndProject
Project("{2150E333-8FDC-42A3-9474-1A3956D46DE8}") = "04 - Аутентификация с помощью куки", "04 - Аутентификация с помощью куки", "{2F741277-242B-40D0-86B0-CC008C1C0971}"
	ProjectSection(SolutionItems) = preProject
		Metanit.com\Руководство по ASP.NET Core 7\Глава 13. Аутентификация и авторизация\04 - Аутентификация с помощью куки\Page01.txt = Metanit.com\Руководство по ASP.NET Core 7\Глава 13. Аутентификация и авторизация\04 - Аутентификация с помощью куки\Page01.txt
	EndProjectSection
EndProject
Project("{9A19103F-16F7-4668-BE54-9A1E7A4F7556}") = "SandBox", "Metanit.com\Руководство по ASP.NET Core 7\Глава 13. Аутентификация и авторизация\04 - Аутентификация с помощью куки\SandBox\SandBox.csproj", "{88100625-6871-4133-A00F-339EE7BB656D}"
EndProject
Project("{2150E333-8FDC-42A3-9474-1A3956D46DE8}") = "Introduction to Authentication with ASP.NET Core", "Introduction to Authentication with ASP.NET Core", "{CFBBA80C-0D2B-4FFF-9E13-6526D7196B53}"
	ProjectSection(SolutionItems) = preProject
		AndrewLock\Introduction to Authentication with ASP.NET Core\Image.png = AndrewLock\Introduction to Authentication with ASP.NET Core\Image.png
		AndrewLock\Introduction to Authentication with ASP.NET Core\Page001.txt = AndrewLock\Introduction to Authentication with ASP.NET Core\Page001.txt
	EndProjectSection
EndProject
Project("{2150E333-8FDC-42A3-9474-1A3956D46DE8}") = "12 - Working With Forms", "12 - Working With Forms", "{6EFA663F-6E48-4FBB-8D87-3A326A86E74A}"
EndProject
Project("{2150E333-8FDC-42A3-9474-1A3956D46DE8}") = "01 - Request Verification", "01 - Request Verification", "{38029ED7-14EA-4984-89E1-09637DDDFD9A}"
	ProjectSection(SolutionItems) = preProject
		MikeBrind\AspNetCoreRazorPagesInAction\12 - Working With Forms\01 - Request Verification\Page01.txt = MikeBrind\AspNetCoreRazorPagesInAction\12 - Working With Forms\01 - Request Verification\Page01.txt
	EndProjectSection
EndProject
Global
	GlobalSection(SolutionConfigurationPlatforms) = preSolution
		Debug|Any CPU = Debug|Any CPU
		Release|Any CPU = Release|Any CPU
	EndGlobalSection
	GlobalSection(ProjectConfigurationPlatforms) = postSolution
		{CF705A27-007D-457D-9DAA-C537FD24BAC1}.Debug|Any CPU.ActiveCfg = Debug|Any CPU
		{CF705A27-007D-457D-9DAA-C537FD24BAC1}.Debug|Any CPU.Build.0 = Debug|Any CPU
		{CF705A27-007D-457D-9DAA-C537FD24BAC1}.Release|Any CPU.ActiveCfg = Release|Any CPU
		{CF705A27-007D-457D-9DAA-C537FD24BAC1}.Release|Any CPU.Build.0 = Release|Any CPU
		{D5C7ED00-981C-4089-971F-FA0D4FA8784D}.Debug|Any CPU.ActiveCfg = Debug|Any CPU
		{D5C7ED00-981C-4089-971F-FA0D4FA8784D}.Debug|Any CPU.Build.0 = Debug|Any CPU
		{D5C7ED00-981C-4089-971F-FA0D4FA8784D}.Release|Any CPU.ActiveCfg = Release|Any CPU
		{D5C7ED00-981C-4089-971F-FA0D4FA8784D}.Release|Any CPU.Build.0 = Release|Any CPU
		{F3B29056-7920-455C-8F37-39E5F022F008}.Debug|Any CPU.ActiveCfg = Debug|Any CPU
		{F3B29056-7920-455C-8F37-39E5F022F008}.Debug|Any CPU.Build.0 = Debug|Any CPU
		{F3B29056-7920-455C-8F37-39E5F022F008}.Release|Any CPU.ActiveCfg = Release|Any CPU
		{F3B29056-7920-455C-8F37-39E5F022F008}.Release|Any CPU.Build.0 = Release|Any CPU
		{8FC8773E-E182-49BF-B62C-B4374971C4FC}.Debug|Any CPU.ActiveCfg = Debug|Any CPU
		{8FC8773E-E182-49BF-B62C-B4374971C4FC}.Debug|Any CPU.Build.0 = Debug|Any CPU
		{8FC8773E-E182-49BF-B62C-B4374971C4FC}.Release|Any CPU.ActiveCfg = Release|Any CPU
		{8FC8773E-E182-49BF-B62C-B4374971C4FC}.Release|Any CPU.Build.0 = Release|Any CPU
		{70F4B469-2C1A-4B73-9AF8-1684AF40E17B}.Debug|Any CPU.ActiveCfg = Debug|Any CPU
		{70F4B469-2C1A-4B73-9AF8-1684AF40E17B}.Debug|Any CPU.Build.0 = Debug|Any CPU
		{70F4B469-2C1A-4B73-9AF8-1684AF40E17B}.Release|Any CPU.ActiveCfg = Release|Any CPU
		{70F4B469-2C1A-4B73-9AF8-1684AF40E17B}.Release|Any CPU.Build.0 = Release|Any CPU
		{6F54E407-EE92-425B-96BB-92B21C6A7872}.Debug|Any CPU.ActiveCfg = Debug|Any CPU
		{6F54E407-EE92-425B-96BB-92B21C6A7872}.Debug|Any CPU.Build.0 = Debug|Any CPU
		{6F54E407-EE92-425B-96BB-92B21C6A7872}.Release|Any CPU.ActiveCfg = Release|Any CPU
		{6F54E407-EE92-425B-96BB-92B21C6A7872}.Release|Any CPU.Build.0 = Release|Any CPU
		{332CC7CC-A717-43BD-ABE4-E89B67370D70}.Debug|Any CPU.ActiveCfg = Debug|Any CPU
		{332CC7CC-A717-43BD-ABE4-E89B67370D70}.Debug|Any CPU.Build.0 = Debug|Any CPU
		{332CC7CC-A717-43BD-ABE4-E89B67370D70}.Release|Any CPU.ActiveCfg = Release|Any CPU
		{332CC7CC-A717-43BD-ABE4-E89B67370D70}.Release|Any CPU.Build.0 = Release|Any CPU
		{0DFD5A1F-1A2A-4817-9EB3-F5DA4E359D3E}.Debug|Any CPU.ActiveCfg = Debug|Any CPU
		{0DFD5A1F-1A2A-4817-9EB3-F5DA4E359D3E}.Debug|Any CPU.Build.0 = Debug|Any CPU
		{0DFD5A1F-1A2A-4817-9EB3-F5DA4E359D3E}.Release|Any CPU.ActiveCfg = Release|Any CPU
		{0DFD5A1F-1A2A-4817-9EB3-F5DA4E359D3E}.Release|Any CPU.Build.0 = Release|Any CPU
		{3C360527-92D2-4D78-8F0A-44C815298D1D}.Debug|Any CPU.ActiveCfg = Debug|Any CPU
		{3C360527-92D2-4D78-8F0A-44C815298D1D}.Debug|Any CPU.Build.0 = Debug|Any CPU
		{3C360527-92D2-4D78-8F0A-44C815298D1D}.Release|Any CPU.ActiveCfg = Release|Any CPU
		{3C360527-92D2-4D78-8F0A-44C815298D1D}.Release|Any CPU.Build.0 = Release|Any CPU
		{E154A271-D3A6-4AB1-8089-A319F600C240}.Debug|Any CPU.ActiveCfg = Debug|Any CPU
		{E154A271-D3A6-4AB1-8089-A319F600C240}.Debug|Any CPU.Build.0 = Debug|Any CPU
		{E154A271-D3A6-4AB1-8089-A319F600C240}.Release|Any CPU.ActiveCfg = Release|Any CPU
		{E154A271-D3A6-4AB1-8089-A319F600C240}.Release|Any CPU.Build.0 = Release|Any CPU
		{6CB062C1-A416-414C-8441-5AD259DDE2F3}.Debug|Any CPU.ActiveCfg = Debug|Any CPU
		{6CB062C1-A416-414C-8441-5AD259DDE2F3}.Debug|Any CPU.Build.0 = Debug|Any CPU
		{6CB062C1-A416-414C-8441-5AD259DDE2F3}.Release|Any CPU.ActiveCfg = Release|Any CPU
		{6CB062C1-A416-414C-8441-5AD259DDE2F3}.Release|Any CPU.Build.0 = Release|Any CPU
		{9030AF40-A67F-43FB-BCC8-3DE0CAB0A5EE}.Debug|Any CPU.ActiveCfg = Debug|Any CPU
		{9030AF40-A67F-43FB-BCC8-3DE0CAB0A5EE}.Debug|Any CPU.Build.0 = Debug|Any CPU
		{9030AF40-A67F-43FB-BCC8-3DE0CAB0A5EE}.Release|Any CPU.ActiveCfg = Release|Any CPU
		{9030AF40-A67F-43FB-BCC8-3DE0CAB0A5EE}.Release|Any CPU.Build.0 = Release|Any CPU
		{461CC566-E278-4C47-9CBA-5B79F6E97D77}.Debug|Any CPU.ActiveCfg = Debug|Any CPU
		{461CC566-E278-4C47-9CBA-5B79F6E97D77}.Debug|Any CPU.Build.0 = Debug|Any CPU
		{461CC566-E278-4C47-9CBA-5B79F6E97D77}.Release|Any CPU.ActiveCfg = Release|Any CPU
		{461CC566-E278-4C47-9CBA-5B79F6E97D77}.Release|Any CPU.Build.0 = Release|Any CPU
		{F4F62B76-05CD-460E-AC66-1BC169640966}.Debug|Any CPU.ActiveCfg = Debug|Any CPU
		{F4F62B76-05CD-460E-AC66-1BC169640966}.Debug|Any CPU.Build.0 = Debug|Any CPU
		{F4F62B76-05CD-460E-AC66-1BC169640966}.Release|Any CPU.ActiveCfg = Release|Any CPU
		{F4F62B76-05CD-460E-AC66-1BC169640966}.Release|Any CPU.Build.0 = Release|Any CPU
		{57076D0B-7AB8-4CE7-BE94-266DCE9D398F}.Debug|Any CPU.ActiveCfg = Debug|Any CPU
		{57076D0B-7AB8-4CE7-BE94-266DCE9D398F}.Debug|Any CPU.Build.0 = Debug|Any CPU
		{57076D0B-7AB8-4CE7-BE94-266DCE9D398F}.Release|Any CPU.ActiveCfg = Release|Any CPU
		{57076D0B-7AB8-4CE7-BE94-266DCE9D398F}.Release|Any CPU.Build.0 = Release|Any CPU
		{A4087B5D-6042-4AB2-9213-11BA2FBCEBBB}.Debug|Any CPU.ActiveCfg = Debug|Any CPU
		{A4087B5D-6042-4AB2-9213-11BA2FBCEBBB}.Debug|Any CPU.Build.0 = Debug|Any CPU
		{A4087B5D-6042-4AB2-9213-11BA2FBCEBBB}.Release|Any CPU.ActiveCfg = Release|Any CPU
		{A4087B5D-6042-4AB2-9213-11BA2FBCEBBB}.Release|Any CPU.Build.0 = Release|Any CPU
		{E66162A4-DC14-4D1E-B8D3-ABFF6358B231}.Debug|Any CPU.ActiveCfg = Debug|Any CPU
		{E66162A4-DC14-4D1E-B8D3-ABFF6358B231}.Debug|Any CPU.Build.0 = Debug|Any CPU
		{E66162A4-DC14-4D1E-B8D3-ABFF6358B231}.Release|Any CPU.ActiveCfg = Release|Any CPU
		{E66162A4-DC14-4D1E-B8D3-ABFF6358B231}.Release|Any CPU.Build.0 = Release|Any CPU
		{300668EA-6B89-4C96-A80F-E0FBE6F87CAD}.Debug|Any CPU.ActiveCfg = Debug|Any CPU
		{300668EA-6B89-4C96-A80F-E0FBE6F87CAD}.Debug|Any CPU.Build.0 = Debug|Any CPU
		{300668EA-6B89-4C96-A80F-E0FBE6F87CAD}.Release|Any CPU.ActiveCfg = Release|Any CPU
		{300668EA-6B89-4C96-A80F-E0FBE6F87CAD}.Release|Any CPU.Build.0 = Release|Any CPU
		{88100625-6871-4133-A00F-339EE7BB656D}.Debug|Any CPU.ActiveCfg = Debug|Any CPU
		{88100625-6871-4133-A00F-339EE7BB656D}.Debug|Any CPU.Build.0 = Debug|Any CPU
		{88100625-6871-4133-A00F-339EE7BB656D}.Release|Any CPU.ActiveCfg = Release|Any CPU
		{88100625-6871-4133-A00F-339EE7BB656D}.Release|Any CPU.Build.0 = Release|Any CPU
	EndGlobalSection
	GlobalSection(SolutionProperties) = preSolution
		HideSolutionNode = FALSE
	EndGlobalSection
	GlobalSection(NestedProjects) = preSolution
		{8DD55174-F10A-4059-9544-10DB303D6BFE} = {74C9DA5B-4F3F-42CE-BC38-4BECB38F1F39}
		{1A721275-584C-41AD-BFFB-DDC4F5AF3C32} = {74C9DA5B-4F3F-42CE-BC38-4BECB38F1F39}
		{74C9DA5B-4F3F-42CE-BC38-4BECB38F1F39} = {C094FEF6-4945-4E78-A096-A2248E0A912F}
		{CF705A27-007D-457D-9DAA-C537FD24BAC1} = {74C9DA5B-4F3F-42CE-BC38-4BECB38F1F39}
		{B7A7C925-7F87-4D32-B328-A397537E758D} = {74C9DA5B-4F3F-42CE-BC38-4BECB38F1F39}
		{D5C7ED00-981C-4089-971F-FA0D4FA8784D} = {74C9DA5B-4F3F-42CE-BC38-4BECB38F1F39}
		{66199345-5E13-419C-BBD2-E5C0E8CCC31B} = {74C9DA5B-4F3F-42CE-BC38-4BECB38F1F39}
		{A680EFB8-DD89-4F37-8D14-B9F3CDB3A63E} = {74C9DA5B-4F3F-42CE-BC38-4BECB38F1F39}
		{8FC8773E-E182-49BF-B62C-B4374971C4FC} = {74C9DA5B-4F3F-42CE-BC38-4BECB38F1F39}
		{4802915D-3B44-4CC4-8928-23ABC1A66FB3} = {7CABF0E9-17DB-4713-BC8F-291256460378}
		{E283DE1B-151C-4E75-8AC3-04F8B1037B0E} = {4802915D-3B44-4CC4-8928-23ABC1A66FB3}
		{415F96B4-5D89-48C9-B456-AC175F45C22E} = {74C9DA5B-4F3F-42CE-BC38-4BECB38F1F39}
		{0536B644-6BF4-4764-A882-C53ED72DC006} = {74C9DA5B-4F3F-42CE-BC38-4BECB38F1F39}
		{70F4B469-2C1A-4B73-9AF8-1684AF40E17B} = {0536B644-6BF4-4764-A882-C53ED72DC006}
		{6F54E407-EE92-425B-96BB-92B21C6A7872} = {0536B644-6BF4-4764-A882-C53ED72DC006}
		{482A7CC1-FFF3-442D-B231-69BB1687E04C} = {34DBE4FB-844B-49F5-87B7-AD1414ACE35B}
		{C3D88FDB-EE3C-403B-B832-4FF71DAF29DC} = {7CABF0E9-17DB-4713-BC8F-291256460378}
		{FF0E367A-664A-4B97-A8CB-A753503528AD} = {C3D88FDB-EE3C-403B-B832-4FF71DAF29DC}
		{C9C6E31A-BC0B-44BC-AE82-0DB6B4FD6B35} = {FF0E367A-664A-4B97-A8CB-A753503528AD}
		{E6D7E5FE-0A1E-4B13-B767-76811BF03845} = {74C9DA5B-4F3F-42CE-BC38-4BECB38F1F39}
		{332CC7CC-A717-43BD-ABE4-E89B67370D70} = {74C9DA5B-4F3F-42CE-BC38-4BECB38F1F39}
		{0DFD5A1F-1A2A-4817-9EB3-F5DA4E359D3E} = {74C9DA5B-4F3F-42CE-BC38-4BECB38F1F39}
		{8F66E7C7-AE41-475E-827A-7D82425A5530} = {482A7CC1-FFF3-442D-B231-69BB1687E04C}
		{E80C9E81-240F-46D3-B1FE-0AA966A3BB98} = {482A7CC1-FFF3-442D-B231-69BB1687E04C}
		{9030AF40-A67F-43FB-BCC8-3DE0CAB0A5EE} = {E80C9E81-240F-46D3-B1FE-0AA966A3BB98}
		{9C56C159-4FD5-4CCA-AF04-7FCAEC051F1F} = {C3D88FDB-EE3C-403B-B832-4FF71DAF29DC}
		{F5502E81-7F14-4FAD-B1ED-0CAF902CD762} = {9C56C159-4FD5-4CCA-AF04-7FCAEC051F1F}
		{C840389F-2593-49AB-B687-AD1D9E5B1156} = {74C9DA5B-4F3F-42CE-BC38-4BECB38F1F39}
		{D5D24C09-6D6F-4695-9184-BB1E49F3B290} = {8F66E7C7-AE41-475E-827A-7D82425A5530}
		{461CC566-E278-4C47-9CBA-5B79F6E97D77} = {D5D24C09-6D6F-4695-9184-BB1E49F3B290}
		{A92DE3EE-FB66-447D-A84E-F6A3EB51BBFE} = {482A7CC1-FFF3-442D-B231-69BB1687E04C}
		{477FFA16-BD22-40A0-9C30-AE376C3E76A0} = {482A7CC1-FFF3-442D-B231-69BB1687E04C}
		{F4F62B76-05CD-460E-AC66-1BC169640966} = {477FFA16-BD22-40A0-9C30-AE376C3E76A0}
		{A61EF402-BA05-4035-A133-0A6D0E96927E} = {477FFA16-BD22-40A0-9C30-AE376C3E76A0}
		{981A8C48-804E-4289-9EA1-975543A42927} = {477FFA16-BD22-40A0-9C30-AE376C3E76A0}
		{57076D0B-7AB8-4CE7-BE94-266DCE9D398F} = {981A8C48-804E-4289-9EA1-975543A42927}
		{76F4B4F7-118F-4108-87AF-DD53A62FBD42} = {477FFA16-BD22-40A0-9C30-AE376C3E76A0}
		{EE14E805-5236-499E-B932-2C38A196F61B} = {482A7CC1-FFF3-442D-B231-69BB1687E04C}
		{0A81F2AB-3928-4703-A2E4-7C307CC935A0} = {EE14E805-5236-499E-B932-2C38A196F61B}
		{7EC75C58-A163-4B09-BA5F-37F4F7735FB8} = {EE14E805-5236-499E-B932-2C38A196F61B}
		{1553F085-B82A-4C8F-8A0E-D57A9DCEAA5B} = {EE14E805-5236-499E-B932-2C38A196F61B}
		{AABFB60B-E566-4AC0-8399-EB0E20110513} = {EE14E805-5236-499E-B932-2C38A196F61B}
		{E5F93850-5D22-4602-8A61-E9B2A82366C3} = {EE14E805-5236-499E-B932-2C38A196F61B}
		{4F43905E-1E0D-4456-B231-B422A936D143} = {EE14E805-5236-499E-B932-2C38A196F61B}
		{721C2201-DE2F-4869-A279-E44F3220C5A4} = {EE14E805-5236-499E-B932-2C38A196F61B}
		{AA99EA02-661F-4A68-9C58-4037AF0F0867} = {EE14E805-5236-499E-B932-2C38A196F61B}
		{C8021D75-C41D-4933-8F0D-0822022A3C65} = {EE14E805-5236-499E-B932-2C38A196F61B}
		{8A20110A-BA03-4787-B391-D0C8DCE3FB10} = {EE14E805-5236-499E-B932-2C38A196F61B}
		{6EABA62E-2D66-41C4-825B-A8F6765B8A30} = {BBF39DE0-3616-4AF3-B079-5D6914BE2879}
		{0A756E4C-DDCF-44B1-9A50-425770429ED1} = {6EABA62E-2D66-41C4-825B-A8F6765B8A30}
		{1FFF88A9-BC76-41D7-A7EC-093835E9289D} = {0A756E4C-DDCF-44B1-9A50-425770429ED1}
		{3BCD658C-BD83-4297-8F46-A5C43014827E} = {1FFF88A9-BC76-41D7-A7EC-093835E9289D}
		{2896D091-5468-4515-B7B2-F24AD6196849} = {3BCD658C-BD83-4297-8F46-A5C43014827E}
		{300668EA-6B89-4C96-A80F-E0FBE6F87CAD} = {2896D091-5468-4515-B7B2-F24AD6196849}
		{8E6EC6D2-33A2-4425-BFE2-30DDEDDE162C} = {6455067E-203E-44C7-9FF1-C0448FDF7BFB}
		{2E3DAEFB-A706-46C4-AD5D-3DDF6AA987A7} = {8E6EC6D2-33A2-4425-BFE2-30DDEDDE162C}
		{2F741277-242B-40D0-86B0-CC008C1C0971} = {2E3DAEFB-A706-46C4-AD5D-3DDF6AA987A7}
		{88100625-6871-4133-A00F-339EE7BB656D} = {2F741277-242B-40D0-86B0-CC008C1C0971}
		{CFBBA80C-0D2B-4FFF-9E13-6526D7196B53} = {7CABF0E9-17DB-4713-BC8F-291256460378}
		{6EFA663F-6E48-4FBB-8D87-3A326A86E74A} = {482A7CC1-FFF3-442D-B231-69BB1687E04C}
		{38029ED7-14EA-4984-89E1-09637DDDFD9A} = {6EFA663F-6E48-4FBB-8D87-3A326A86E74A}
	EndGlobalSection
	GlobalSection(ExtensibilityGlobals) = postSolution
		SolutionGuid = {5507A11F-FC14-46CA-B766-61BB183C82C7}
	EndGlobalSection
EndGlobal
