
Microsoft Visual Studio Solution File, Format Version 12.00
# Visual Studio Version 17
VisualStudioVersion = 17.0.31903.59
MinimumVisualStudioVersion = 10.0.40219.1
Project("{2150E333-8FDC-42A3-9474-1A3956D46DE8}") = "AdamFreeman", "AdamFreeman", "{C094FEF6-4945-4E78-A096-A2248E0A912F}"
EndProject
Project("{2150E333-8FDC-42A3-9474-1A3956D46DE8}") = "Chapter-01", "Chapter-01", "{8DD55174-F10A-4059-9544-10DB303D6BFE}"
	ProjectSection(SolutionItems) = preProject
		AdamFreeman\ProAspNetCore6\Chaper-01\Page003.txt = AdamFreeman\ProAspNetCore6\Chaper-01\Page003.txt
		AdamFreeman\ProAspNetCore6\Chaper-01\Page004.txt = AdamFreeman\ProAspNetCore6\Chaper-01\Page004.txt
		AdamFreeman\ProAspNetCore6\Chaper-01\Page005.txt = AdamFreeman\ProAspNetCore6\Chaper-01\Page005.txt
		AdamFreeman\ProAspNetCore6\Chaper-01\Page006.txt = AdamFreeman\ProAspNetCore6\Chaper-01\Page006.txt
		AdamFreeman\ProAspNetCore6\Chaper-01\Page007.txt = AdamFreeman\ProAspNetCore6\Chaper-01\Page007.txt
		AdamFreeman\ProAspNetCore6\Chaper-01\Page008.txt = AdamFreeman\ProAspNetCore6\Chaper-01\Page008.txt
		AdamFreeman\ProAspNetCore6\Chaper-01\Page009.txt = AdamFreeman\ProAspNetCore6\Chaper-01\Page009.txt
		AdamFreeman\ProAspNetCore6\Chaper-01\Page010.txt = AdamFreeman\ProAspNetCore6\Chaper-01\Page010.txt
	EndProjectSection
EndProject
Project("{2150E333-8FDC-42A3-9474-1A3956D46DE8}") = "Chapter-02", "Chapter-02", "{1A721275-584C-41AD-BFFB-DDC4F5AF3C32}"
	ProjectSection(SolutionItems) = preProject
		AdamFreeman\ProAspNetCore6\Chapter-02\Page011.txt = AdamFreeman\ProAspNetCore6\Chapter-02\Page011.txt
		AdamFreeman\ProAspNetCore6\Chapter-02\page012.txt = AdamFreeman\ProAspNetCore6\Chapter-02\page012.txt
		AdamFreeman\ProAspNetCore6\Chapter-02\Page013.txt = AdamFreeman\ProAspNetCore6\Chapter-02\Page013.txt
		AdamFreeman\ProAspNetCore6\Chapter-02\Page014.txt = AdamFreeman\ProAspNetCore6\Chapter-02\Page014.txt
		AdamFreeman\ProAspNetCore6\Chapter-02\Page015.txt = AdamFreeman\ProAspNetCore6\Chapter-02\Page015.txt
		AdamFreeman\ProAspNetCore6\Chapter-02\Page016.txt = AdamFreeman\ProAspNetCore6\Chapter-02\Page016.txt
		AdamFreeman\ProAspNetCore6\Chapter-02\Page017.txt = AdamFreeman\ProAspNetCore6\Chapter-02\Page017.txt
		AdamFreeman\ProAspNetCore6\Chapter-02\Page018.txt = AdamFreeman\ProAspNetCore6\Chapter-02\Page018.txt
		AdamFreeman\ProAspNetCore6\Chapter-02\Page019.txt = AdamFreeman\ProAspNetCore6\Chapter-02\Page019.txt
		AdamFreeman\ProAspNetCore6\Chapter-02\Page020.txt = AdamFreeman\ProAspNetCore6\Chapter-02\Page020.txt
		AdamFreeman\ProAspNetCore6\Chapter-02\Page021.txt = AdamFreeman\ProAspNetCore6\Chapter-02\Page021.txt
		AdamFreeman\ProAspNetCore6\Chapter-02\Page022.txt = AdamFreeman\ProAspNetCore6\Chapter-02\Page022.txt
		AdamFreeman\ProAspNetCore6\Chapter-02\Page023.txt = AdamFreeman\ProAspNetCore6\Chapter-02\Page023.txt
		AdamFreeman\ProAspNetCore6\Chapter-02\Page024.txt = AdamFreeman\ProAspNetCore6\Chapter-02\Page024.txt
		AdamFreeman\ProAspNetCore6\Chapter-02\Page025.txt = AdamFreeman\ProAspNetCore6\Chapter-02\Page025.txt
		AdamFreeman\ProAspNetCore6\Chapter-02\Page026.txt = AdamFreeman\ProAspNetCore6\Chapter-02\Page026.txt
		AdamFreeman\ProAspNetCore6\Chapter-02\Page027.txt = AdamFreeman\ProAspNetCore6\Chapter-02\Page027.txt
		AdamFreeman\ProAspNetCore6\Chapter-02\Page028.txt = AdamFreeman\ProAspNetCore6\Chapter-02\Page028.txt
		AdamFreeman\ProAspNetCore6\Chapter-02\Page029.txt = AdamFreeman\ProAspNetCore6\Chapter-02\Page029.txt
		AdamFreeman\ProAspNetCore6\Chapter-02\Page030.txt = AdamFreeman\ProAspNetCore6\Chapter-02\Page030.txt
		AdamFreeman\ProAspNetCore6\Chapter-02\Page031.txt = AdamFreeman\ProAspNetCore6\Chapter-02\Page031.txt
		AdamFreeman\ProAspNetCore6\Chapter-02\Page032.txt = AdamFreeman\ProAspNetCore6\Chapter-02\Page032.txt
	EndProjectSection
EndProject
Project("{2150E333-8FDC-42A3-9474-1A3956D46DE8}") = "ProAspNetCore6", "ProAspNetCore6", "{74C9DA5B-4F3F-42CE-BC38-4BECB38F1F39}"
	ProjectSection(SolutionItems) = preProject
		AdamFreeman\ProAspNetCore6\Freeman A. - Pro ASP.NET Core 6 - 2022.pdf = AdamFreeman\ProAspNetCore6\Freeman A. - Pro ASP.NET Core 6 - 2022.pdf
	EndProjectSection
EndProject
Project("{9A19103F-16F7-4668-BE54-9A1E7A4F7556}") = "FirstProject", "AdamFreeman\ProAspNetCore6\FirstProject\FirstProject.csproj", "{CF705A27-007D-457D-9DAA-C537FD24BAC1}"
EndProject
Project("{2150E333-8FDC-42A3-9474-1A3956D46DE8}") = "Chapter-03", "Chapter-03", "{B7A7C925-7F87-4D32-B328-A397537E758D}"
	ProjectSection(SolutionItems) = preProject
		AdamFreeman\ProAspNetCore6\Chapter-03\Page033.txt = AdamFreeman\ProAspNetCore6\Chapter-03\Page033.txt
		AdamFreeman\ProAspNetCore6\Chapter-03\Page034.txt = AdamFreeman\ProAspNetCore6\Chapter-03\Page034.txt
		AdamFreeman\ProAspNetCore6\Chapter-03\Page035.txt = AdamFreeman\ProAspNetCore6\Chapter-03\Page035.txt
		AdamFreeman\ProAspNetCore6\Chapter-03\Page036.txt = AdamFreeman\ProAspNetCore6\Chapter-03\Page036.txt
		AdamFreeman\ProAspNetCore6\Chapter-03\Page037.txt = AdamFreeman\ProAspNetCore6\Chapter-03\Page037.txt
		AdamFreeman\ProAspNetCore6\Chapter-03\Page038.txt = AdamFreeman\ProAspNetCore6\Chapter-03\Page038.txt
		AdamFreeman\ProAspNetCore6\Chapter-03\Page039.txt = AdamFreeman\ProAspNetCore6\Chapter-03\Page039.txt
		AdamFreeman\ProAspNetCore6\Chapter-03\Page040.txt = AdamFreeman\ProAspNetCore6\Chapter-03\Page040.txt
		AdamFreeman\ProAspNetCore6\Chapter-03\Page041.txt = AdamFreeman\ProAspNetCore6\Chapter-03\Page041.txt
		AdamFreeman\ProAspNetCore6\Chapter-03\Page042.txt = AdamFreeman\ProAspNetCore6\Chapter-03\Page042.txt
		AdamFreeman\ProAspNetCore6\Chapter-03\Page043.txt = AdamFreeman\ProAspNetCore6\Chapter-03\Page043.txt
		AdamFreeman\ProAspNetCore6\Chapter-03\Page044.txt = AdamFreeman\ProAspNetCore6\Chapter-03\Page044.txt
		AdamFreeman\ProAspNetCore6\Chapter-03\Page045.txt = AdamFreeman\ProAspNetCore6\Chapter-03\Page045.txt
		AdamFreeman\ProAspNetCore6\Chapter-03\Page046.txt = AdamFreeman\ProAspNetCore6\Chapter-03\Page046.txt
		AdamFreeman\ProAspNetCore6\Chapter-03\Page047.txt = AdamFreeman\ProAspNetCore6\Chapter-03\Page047.txt
		AdamFreeman\ProAspNetCore6\Chapter-03\Page048.txt = AdamFreeman\ProAspNetCore6\Chapter-03\Page048.txt
		AdamFreeman\ProAspNetCore6\Chapter-03\Page049.txt = AdamFreeman\ProAspNetCore6\Chapter-03\Page049.txt
		AdamFreeman\ProAspNetCore6\Chapter-03\Page050.txt = AdamFreeman\ProAspNetCore6\Chapter-03\Page050.txt
		AdamFreeman\ProAspNetCore6\Chapter-03\Page051.txt = AdamFreeman\ProAspNetCore6\Chapter-03\Page051.txt
		AdamFreeman\ProAspNetCore6\Chapter-03\Page052.txt = AdamFreeman\ProAspNetCore6\Chapter-03\Page052.txt
		AdamFreeman\ProAspNetCore6\Chapter-03\Page053.txt = AdamFreeman\ProAspNetCore6\Chapter-03\Page053.txt
		AdamFreeman\ProAspNetCore6\Chapter-03\Page054.txt = AdamFreeman\ProAspNetCore6\Chapter-03\Page054.txt
		AdamFreeman\ProAspNetCore6\Chapter-03\Page055.txt = AdamFreeman\ProAspNetCore6\Chapter-03\Page055.txt
		AdamFreeman\ProAspNetCore6\Chapter-03\Page056.txt = AdamFreeman\ProAspNetCore6\Chapter-03\Page056.txt
		AdamFreeman\ProAspNetCore6\Chapter-03\Page057.txt = AdamFreeman\ProAspNetCore6\Chapter-03\Page057.txt
		AdamFreeman\ProAspNetCore6\Chapter-03\Page058.txt = AdamFreeman\ProAspNetCore6\Chapter-03\Page058.txt
	EndProjectSection
EndProject
Project("{9A19103F-16F7-4668-BE54-9A1E7A4F7556}") = "PartyInvites", "AdamFreeman\ProAspNetCore6\PartyInvites\PartyInvites.csproj", "{D5C7ED00-981C-4089-971F-FA0D4FA8784D}"
EndProject
Project("{2150E333-8FDC-42A3-9474-1A3956D46DE8}") = "Chapter-04", "Chapter-04", "{66199345-5E13-419C-BBD2-E5C0E8CCC31B}"
	ProjectSection(SolutionItems) = preProject
		AdamFreeman\ProAspNetCore6\Chapter-04\Page059.txt = AdamFreeman\ProAspNetCore6\Chapter-04\Page059.txt
		AdamFreeman\ProAspNetCore6\Chapter-04\Page060.txt = AdamFreeman\ProAspNetCore6\Chapter-04\Page060.txt
		AdamFreeman\ProAspNetCore6\Chapter-04\Page061.txt = AdamFreeman\ProAspNetCore6\Chapter-04\Page061.txt
		AdamFreeman\ProAspNetCore6\Chapter-04\Page062.txt = AdamFreeman\ProAspNetCore6\Chapter-04\Page062.txt
		AdamFreeman\ProAspNetCore6\Chapter-04\Page063.txt = AdamFreeman\ProAspNetCore6\Chapter-04\Page063.txt
		AdamFreeman\ProAspNetCore6\Chapter-04\Page064.txt = AdamFreeman\ProAspNetCore6\Chapter-04\Page064.txt
		AdamFreeman\ProAspNetCore6\Chapter-04\Page065.txt = AdamFreeman\ProAspNetCore6\Chapter-04\Page065.txt
		AdamFreeman\ProAspNetCore6\Chapter-04\Page066.txt = AdamFreeman\ProAspNetCore6\Chapter-04\Page066.txt
		AdamFreeman\ProAspNetCore6\Chapter-04\Page067.txt = AdamFreeman\ProAspNetCore6\Chapter-04\Page067.txt
		AdamFreeman\ProAspNetCore6\Chapter-04\Page068.txt = AdamFreeman\ProAspNetCore6\Chapter-04\Page068.txt
		AdamFreeman\ProAspNetCore6\Chapter-04\Page069.txt = AdamFreeman\ProAspNetCore6\Chapter-04\Page069.txt
		AdamFreeman\ProAspNetCore6\Chapter-04\Page070.txt = AdamFreeman\ProAspNetCore6\Chapter-04\Page070.txt
		AdamFreeman\ProAspNetCore6\Chapter-04\Page071.txt = AdamFreeman\ProAspNetCore6\Chapter-04\Page071.txt
		AdamFreeman\ProAspNetCore6\Chapter-04\Page072.txt = AdamFreeman\ProAspNetCore6\Chapter-04\Page072.txt
		AdamFreeman\ProAspNetCore6\Chapter-04\Page073.txt = AdamFreeman\ProAspNetCore6\Chapter-04\Page073.txt
		AdamFreeman\ProAspNetCore6\Chapter-04\Page074.txt = AdamFreeman\ProAspNetCore6\Chapter-04\Page074.txt
	EndProjectSection
EndProject
Project("{9A19103F-16F7-4668-BE54-9A1E7A4F7556}") = "ShevkunenkoSite", "ShevkunenkoSite\ShevkunenkoSite.csproj", "{F3B29056-7920-455C-8F37-39E5F022F008}"
EndProject
Project("{2150E333-8FDC-42A3-9474-1A3956D46DE8}") = "Chapter-05", "Chapter-05", "{A680EFB8-DD89-4F37-8D14-B9F3CDB3A63E}"
	ProjectSection(SolutionItems) = preProject
		AdamFreeman\ProAspNetCore6\Chapter-05\Page075.txt = AdamFreeman\ProAspNetCore6\Chapter-05\Page075.txt
		AdamFreeman\ProAspNetCore6\Chapter-05\Page076.txt = AdamFreeman\ProAspNetCore6\Chapter-05\Page076.txt
		AdamFreeman\ProAspNetCore6\Chapter-05\Page077.txt = AdamFreeman\ProAspNetCore6\Chapter-05\Page077.txt
		AdamFreeman\ProAspNetCore6\Chapter-05\Page078.txt = AdamFreeman\ProAspNetCore6\Chapter-05\Page078.txt
		AdamFreeman\ProAspNetCore6\Chapter-05\Page079.txt = AdamFreeman\ProAspNetCore6\Chapter-05\Page079.txt
		AdamFreeman\ProAspNetCore6\Chapter-05\Page080.txt = AdamFreeman\ProAspNetCore6\Chapter-05\Page080.txt
		AdamFreeman\ProAspNetCore6\Chapter-05\Page081.txt = AdamFreeman\ProAspNetCore6\Chapter-05\Page081.txt
		AdamFreeman\ProAspNetCore6\Chapter-05\Page082.txt = AdamFreeman\ProAspNetCore6\Chapter-05\Page082.txt
		AdamFreeman\ProAspNetCore6\Chapter-05\Page083.txt = AdamFreeman\ProAspNetCore6\Chapter-05\Page083.txt
		AdamFreeman\ProAspNetCore6\Chapter-05\Page084.txt = AdamFreeman\ProAspNetCore6\Chapter-05\Page084.txt
		AdamFreeman\ProAspNetCore6\Chapter-05\Page085.txt = AdamFreeman\ProAspNetCore6\Chapter-05\Page085.txt
		AdamFreeman\ProAspNetCore6\Chapter-05\Page086.txt = AdamFreeman\ProAspNetCore6\Chapter-05\Page086.txt
		AdamFreeman\ProAspNetCore6\Chapter-05\Page087.txt = AdamFreeman\ProAspNetCore6\Chapter-05\Page087.txt
		AdamFreeman\ProAspNetCore6\Chapter-05\Page088.txt = AdamFreeman\ProAspNetCore6\Chapter-05\Page088.txt
		AdamFreeman\ProAspNetCore6\Chapter-05\Page089.txt = AdamFreeman\ProAspNetCore6\Chapter-05\Page089.txt
		AdamFreeman\ProAspNetCore6\Chapter-05\Page090.txt = AdamFreeman\ProAspNetCore6\Chapter-05\Page090.txt
		AdamFreeman\ProAspNetCore6\Chapter-05\Page091.txt = AdamFreeman\ProAspNetCore6\Chapter-05\Page091.txt
		AdamFreeman\ProAspNetCore6\Chapter-05\Page092.txt = AdamFreeman\ProAspNetCore6\Chapter-05\Page092.txt
		AdamFreeman\ProAspNetCore6\Chapter-05\Page093.txt = AdamFreeman\ProAspNetCore6\Chapter-05\Page093.txt
		AdamFreeman\ProAspNetCore6\Chapter-05\Page094.txt = AdamFreeman\ProAspNetCore6\Chapter-05\Page094.txt
		AdamFreeman\ProAspNetCore6\Chapter-05\Page095.txt = AdamFreeman\ProAspNetCore6\Chapter-05\Page095.txt
		AdamFreeman\ProAspNetCore6\Chapter-05\Page096.txt = AdamFreeman\ProAspNetCore6\Chapter-05\Page096.txt
		AdamFreeman\ProAspNetCore6\Chapter-05\Page097.txt = AdamFreeman\ProAspNetCore6\Chapter-05\Page097.txt
		AdamFreeman\ProAspNetCore6\Chapter-05\Page098.txt = AdamFreeman\ProAspNetCore6\Chapter-05\Page098.txt
		AdamFreeman\ProAspNetCore6\Chapter-05\Page099.txt = AdamFreeman\ProAspNetCore6\Chapter-05\Page099.txt
	EndProjectSection
EndProject
Project("{9A19103F-16F7-4668-BE54-9A1E7A4F7556}") = "LanguageFeatures", "AdamFreeman\ProAspNetCore6\LanguageFeatures\LanguageFeatures.csproj", "{8FC8773E-E182-49BF-B62C-B4374971C4FC}"
EndProject
Global
	GlobalSection(SolutionConfigurationPlatforms) = preSolution
		Debug|Any CPU = Debug|Any CPU
		Release|Any CPU = Release|Any CPU
	EndGlobalSection
	GlobalSection(ProjectConfigurationPlatforms) = postSolution
		{CF705A27-007D-457D-9DAA-C537FD24BAC1}.Debug|Any CPU.ActiveCfg = Debug|Any CPU
		{CF705A27-007D-457D-9DAA-C537FD24BAC1}.Debug|Any CPU.Build.0 = Debug|Any CPU
		{CF705A27-007D-457D-9DAA-C537FD24BAC1}.Release|Any CPU.ActiveCfg = Release|Any CPU
		{CF705A27-007D-457D-9DAA-C537FD24BAC1}.Release|Any CPU.Build.0 = Release|Any CPU
		{D5C7ED00-981C-4089-971F-FA0D4FA8784D}.Debug|Any CPU.ActiveCfg = Debug|Any CPU
		{D5C7ED00-981C-4089-971F-FA0D4FA8784D}.Debug|Any CPU.Build.0 = Debug|Any CPU
		{D5C7ED00-981C-4089-971F-FA0D4FA8784D}.Release|Any CPU.ActiveCfg = Release|Any CPU
		{D5C7ED00-981C-4089-971F-FA0D4FA8784D}.Release|Any CPU.Build.0 = Release|Any CPU
		{F3B29056-7920-455C-8F37-39E5F022F008}.Debug|Any CPU.ActiveCfg = Debug|Any CPU
		{F3B29056-7920-455C-8F37-39E5F022F008}.Debug|Any CPU.Build.0 = Debug|Any CPU
		{F3B29056-7920-455C-8F37-39E5F022F008}.Release|Any CPU.ActiveCfg = Release|Any CPU
		{F3B29056-7920-455C-8F37-39E5F022F008}.Release|Any CPU.Build.0 = Release|Any CPU
		{8FC8773E-E182-49BF-B62C-B4374971C4FC}.Debug|Any CPU.ActiveCfg = Debug|Any CPU
		{8FC8773E-E182-49BF-B62C-B4374971C4FC}.Debug|Any CPU.Build.0 = Debug|Any CPU
		{8FC8773E-E182-49BF-B62C-B4374971C4FC}.Release|Any CPU.ActiveCfg = Release|Any CPU
		{8FC8773E-E182-49BF-B62C-B4374971C4FC}.Release|Any CPU.Build.0 = Release|Any CPU
	EndGlobalSection
	GlobalSection(SolutionProperties) = preSolution
		HideSolutionNode = FALSE
	EndGlobalSection
	GlobalSection(NestedProjects) = preSolution
		{8DD55174-F10A-4059-9544-10DB303D6BFE} = {74C9DA5B-4F3F-42CE-BC38-4BECB38F1F39}
		{1A721275-584C-41AD-BFFB-DDC4F5AF3C32} = {74C9DA5B-4F3F-42CE-BC38-4BECB38F1F39}
		{74C9DA5B-4F3F-42CE-BC38-4BECB38F1F39} = {C094FEF6-4945-4E78-A096-A2248E0A912F}
		{CF705A27-007D-457D-9DAA-C537FD24BAC1} = {74C9DA5B-4F3F-42CE-BC38-4BECB38F1F39}
		{B7A7C925-7F87-4D32-B328-A397537E758D} = {74C9DA5B-4F3F-42CE-BC38-4BECB38F1F39}
		{D5C7ED00-981C-4089-971F-FA0D4FA8784D} = {74C9DA5B-4F3F-42CE-BC38-4BECB38F1F39}
		{66199345-5E13-419C-BBD2-E5C0E8CCC31B} = {74C9DA5B-4F3F-42CE-BC38-4BECB38F1F39}
		{A680EFB8-DD89-4F37-8D14-B9F3CDB3A63E} = {74C9DA5B-4F3F-42CE-BC38-4BECB38F1F39}
		{8FC8773E-E182-49BF-B62C-B4374971C4FC} = {74C9DA5B-4F3F-42CE-BC38-4BECB38F1F39}
	EndGlobalSection
	GlobalSection(ExtensibilityGlobals) = postSolution
		SolutionGuid = {5507A11F-FC14-46CA-B766-61BB183C82C7}
	EndGlobalSection
EndGlobal
